// !$*UTF8*$!
{
	archiveVersion = 1;
	classes = {
	};
	objectVersion = 46;
	objects = {

/* Begin PBXBuildFile section */
		6D46506D14BEC52000B223B5 /* libsqlite3.dylib in Frameworks */ = {isa = PBXBuildFile; fileRef = 6D46506C14BEC52000B223B5 /* libsqlite3.dylib */; };
		6D46507314BEC8E700B223B5 /* dwh.sqlite3 in Resources */ = {isa = PBXBuildFile; fileRef = 6D46507214BEC8E700B223B5 /* dwh.sqlite3 */; };
		6D7D54E014BF315A0098BD89 /* TBRouteWeatherViewController.m in Sources */ = {isa = PBXBuildFile; fileRef = 6D7D54DE14BF315A0098BD89 /* TBRouteWeatherViewController.m */; };
		6D7D54E114BF315A0098BD89 /* TBRouteWeatherViewController.xib in Resources */ = {isa = PBXBuildFile; fileRef = 6D7D54DF14BF315A0098BD89 /* TBRouteWeatherViewController.xib */; };
		6D7D550E14BF31F70098BD89 /* mapapi.bundle in Resources */ = {isa = PBXBuildFile; fileRef = 6D7D550B14BF31F60098BD89 /* mapapi.bundle */; };
		6D7D551014BF33120098BD89 /* CoreLocation.framework in Frameworks */ = {isa = PBXBuildFile; fileRef = 6D7D550F14BF33120098BD89 /* CoreLocation.framework */; };
		6D7D551214BF331D0098BD89 /* QuartzCore.framework in Frameworks */ = {isa = PBXBuildFile; fileRef = 6D7D551114BF331D0098BD89 /* QuartzCore.framework */; };
		6DA9B0B814BDB7CA0042E007 /* TBAddRouteViewController.m in Sources */ = {isa = PBXBuildFile; fileRef = 6DA9B0B614BDB7CA0042E007 /* TBAddRouteViewController.m */; };
		6DA9B0B914BDB7CA0042E007 /* TBAddRouteViewController.xib in Resources */ = {isa = PBXBuildFile; fileRef = 6DA9B0B714BDB7CA0042E007 /* TBAddRouteViewController.xib */; };
		6DBE91D314BD67FB00AB25E3 /* UIKit.framework in Frameworks */ = {isa = PBXBuildFile; fileRef = 6DBE91D214BD67FB00AB25E3 /* UIKit.framework */; };
		6DBE91D514BD67FB00AB25E3 /* Foundation.framework in Frameworks */ = {isa = PBXBuildFile; fileRef = 6DBE91D414BD67FB00AB25E3 /* Foundation.framework */; };
		6DBE91D714BD67FB00AB25E3 /* CoreGraphics.framework in Frameworks */ = {isa = PBXBuildFile; fileRef = 6DBE91D614BD67FB00AB25E3 /* CoreGraphics.framework */; };
		6DBE91DD14BD67FB00AB25E3 /* InfoPlist.strings in Resources */ = {isa = PBXBuildFile; fileRef = 6DBE91DB14BD67FB00AB25E3 /* InfoPlist.strings */; };
		6DBE91DF14BD67FB00AB25E3 /* main.m in Sources */ = {isa = PBXBuildFile; fileRef = 6DBE91DE14BD67FB00AB25E3 /* main.m */; };
		6DBE91E314BD67FB00AB25E3 /* TBAppDelegate.m in Sources */ = {isa = PBXBuildFile; fileRef = 6DBE91E214BD67FB00AB25E3 /* TBAppDelegate.m */; };
		6DBE91EA14BD681200AB25E3 /* TBMainWindow.xib in Resources */ = {isa = PBXBuildFile; fileRef = 6DBE91E914BD681200AB25E3 /* TBMainWindow.xib */; };
		6DBE91EE14BD696100AB25E3 /* TBRouteListViewController.m in Sources */ = {isa = PBXBuildFile; fileRef = 6DBE91EC14BD696100AB25E3 /* TBRouteListViewController.m */; };
		6DBE91EF14BD696100AB25E3 /* TBRouteListViewController.xib in Resources */ = {isa = PBXBuildFile; fileRef = 6DBE91ED14BD696100AB25E3 /* TBRouteListViewController.xib */; };
		6DBE920414BD944B00AB25E3 /* TBCityListViewController.m in Sources */ = {isa = PBXBuildFile; fileRef = 6DBE920214BD944B00AB25E3 /* TBCityListViewController.m */; };
		6DBE920514BD944B00AB25E3 /* TBCityListViewController.xib in Resources */ = {isa = PBXBuildFile; fileRef = 6DBE920314BD944B00AB25E3 /* TBCityListViewController.xib */; };
		6DDECAAA14C1D7B3009C63F8 /* RouteInfoCell.xib in Resources */ = {isa = PBXBuildFile; fileRef = 6DDECAA914C1D7B3009C63F8 /* RouteInfoCell.xib */; };
		6DE326E114BFF5BB007FA4C2 /* CFNetwork.framework in Frameworks */ = {isa = PBXBuildFile; fileRef = 6DE326E014BFF5BB007FA4C2 /* CFNetwork.framework */; };
		6DE326E314BFF5C7007FA4C2 /* SystemConfiguration.framework in Frameworks */ = {isa = PBXBuildFile; fileRef = 6DE326E214BFF5C7007FA4C2 /* SystemConfiguration.framework */; };
		6DE326E514BFF5D3007FA4C2 /* MobileCoreServices.framework in Frameworks */ = {isa = PBXBuildFile; fileRef = 6DE326E414BFF5D3007FA4C2 /* MobileCoreServices.framework */; };
		6DE326E714BFF629007FA4C2 /* libz.dylib in Frameworks */ = {isa = PBXBuildFile; fileRef = 6DE326E614BFF629007FA4C2 /* libz.dylib */; };
		6DE3274314C0071C007FA4C2 /* libbaidumapapi.a in Frameworks */ = {isa = PBXBuildFile; fileRef = 6DE3274214C0071C007FA4C2 /* libbaidumapapi.a */; };
		6DE3274E14C00815007FA4C2 /* libsbjson-ios.a in Frameworks */ = {isa = PBXBuildFile; fileRef = 6DE3274D14C00815007FA4C2 /* libsbjson-ios.a */; };
/* End PBXBuildFile section */

/* Begin PBXFileReference section */
		6D46506C14BEC52000B223B5 /* libsqlite3.dylib */ = {isa = PBXFileReference; lastKnownFileType = "compiled.mach-o.dylib"; name = libsqlite3.dylib; path = usr/lib/libsqlite3.dylib; sourceTree = SDKROOT; };
		6D46507214BEC8E700B223B5 /* dwh.sqlite3 */ = {isa = PBXFileReference; lastKnownFileType = file; name = dwh.sqlite3; path = DriveWeatherHelper/dwh.sqlite3; sourceTree = "<group>"; };
		6D7D54DD14BF315A0098BD89 /* TBRouteWeatherViewController.h */ = {isa = PBXFileReference; fileEncoding = 4; lastKnownFileType = sourcecode.c.h; path = TBRouteWeatherViewController.h; sourceTree = "<group>"; };
		6D7D54DE14BF315A0098BD89 /* TBRouteWeatherViewController.m */ = {isa = PBXFileReference; fileEncoding = 4; lastKnownFileType = sourcecode.c.objc; path = TBRouteWeatherViewController.m; sourceTree = "<group>"; };
		6D7D54DF14BF315A0098BD89 /* TBRouteWeatherViewController.xib */ = {isa = PBXFileReference; fileEncoding = 4; lastKnownFileType = file.xib; path = TBRouteWeatherViewController.xib; sourceTree = "<group>"; };
		6D7D550B14BF31F60098BD89 /* mapapi.bundle */ = {isa = PBXFileReference; lastKnownFileType = "wrapper.plug-in"; path = mapapi.bundle; sourceTree = "<group>"; };
		6D7D550F14BF33120098BD89 /* CoreLocation.framework */ = {isa = PBXFileReference; lastKnownFileType = wrapper.framework; name = CoreLocation.framework; path = System/Library/Frameworks/CoreLocation.framework; sourceTree = SDKROOT; };
		6D7D551114BF331D0098BD89 /* QuartzCore.framework */ = {isa = PBXFileReference; lastKnownFileType = wrapper.framework; name = QuartzCore.framework; path = System/Library/Frameworks/QuartzCore.framework; sourceTree = SDKROOT; };
		6DA9B0B514BDB7CA0042E007 /* TBAddRouteViewController.h */ = {isa = PBXFileReference; fileEncoding = 4; lastKnownFileType = sourcecode.c.h; path = TBAddRouteViewController.h; sourceTree = "<group>"; };
		6DA9B0B614BDB7CA0042E007 /* TBAddRouteViewController.m */ = {isa = PBXFileReference; fileEncoding = 4; lastKnownFileType = sourcecode.c.objc; path = TBAddRouteViewController.m; sourceTree = "<group>"; };
		6DA9B0B714BDB7CA0042E007 /* TBAddRouteViewController.xib */ = {isa = PBXFileReference; fileEncoding = 4; lastKnownFileType = file.xib; path = TBAddRouteViewController.xib; sourceTree = "<group>"; };
		6DBE91CE14BD67FB00AB25E3 /* DriveWeatherHelper.app */ = {isa = PBXFileReference; explicitFileType = wrapper.application; includeInIndex = 0; path = DriveWeatherHelper.app; sourceTree = BUILT_PRODUCTS_DIR; };
		6DBE91D214BD67FB00AB25E3 /* UIKit.framework */ = {isa = PBXFileReference; lastKnownFileType = wrapper.framework; name = UIKit.framework; path = System/Library/Frameworks/UIKit.framework; sourceTree = SDKROOT; };
		6DBE91D414BD67FB00AB25E3 /* Foundation.framework */ = {isa = PBXFileReference; lastKnownFileType = wrapper.framework; name = Foundation.framework; path = System/Library/Frameworks/Foundation.framework; sourceTree = SDKROOT; };
		6DBE91D614BD67FB00AB25E3 /* CoreGraphics.framework */ = {isa = PBXFileReference; lastKnownFileType = wrapper.framework; name = CoreGraphics.framework; path = System/Library/Frameworks/CoreGraphics.framework; sourceTree = SDKROOT; };
		6DBE91DA14BD67FB00AB25E3 /* DriveWeatherHelper-Info.plist */ = {isa = PBXFileReference; lastKnownFileType = text.plist.xml; path = "DriveWeatherHelper-Info.plist"; sourceTree = "<group>"; };
		6DBE91DC14BD67FB00AB25E3 /* en */ = {isa = PBXFileReference; lastKnownFileType = text.plist.strings; name = en; path = en.lproj/InfoPlist.strings; sourceTree = "<group>"; };
		6DBE91DE14BD67FB00AB25E3 /* main.m */ = {isa = PBXFileReference; lastKnownFileType = sourcecode.c.objc; path = main.m; sourceTree = "<group>"; };
		6DBE91E014BD67FB00AB25E3 /* DriveWeatherHelper-Prefix.pch */ = {isa = PBXFileReference; lastKnownFileType = sourcecode.c.h; path = "DriveWeatherHelper-Prefix.pch"; sourceTree = "<group>"; };
		6DBE91E114BD67FB00AB25E3 /* TBAppDelegate.h */ = {isa = PBXFileReference; lastKnownFileType = sourcecode.c.h; path = TBAppDelegate.h; sourceTree = "<group>"; };
		6DBE91E214BD67FB00AB25E3 /* TBAppDelegate.m */ = {isa = PBXFileReference; lastKnownFileType = sourcecode.c.objc; path = TBAppDelegate.m; sourceTree = "<group>"; };
		6DBE91E914BD681200AB25E3 /* TBMainWindow.xib */ = {isa = PBXFileReference; fileEncoding = 4; lastKnownFileType = file.xib; path = TBMainWindow.xib; sourceTree = "<group>"; };
		6DBE91EB14BD696100AB25E3 /* TBRouteListViewController.h */ = {isa = PBXFileReference; fileEncoding = 4; lastKnownFileType = sourcecode.c.h; path = TBRouteListViewController.h; sourceTree = "<group>"; };
		6DBE91EC14BD696100AB25E3 /* TBRouteListViewController.m */ = {isa = PBXFileReference; fileEncoding = 4; lastKnownFileType = sourcecode.c.objc; path = TBRouteListViewController.m; sourceTree = "<group>"; };
		6DBE91ED14BD696100AB25E3 /* TBRouteListViewController.xib */ = {isa = PBXFileReference; fileEncoding = 4; lastKnownFileType = file.xib; path = TBRouteListViewController.xib; sourceTree = "<group>"; };
		6DBE920114BD944B00AB25E3 /* TBCityListViewController.h */ = {isa = PBXFileReference; fileEncoding = 4; lastKnownFileType = sourcecode.c.h; path = TBCityListViewController.h; sourceTree = "<group>"; };
		6DBE920214BD944B00AB25E3 /* TBCityListViewController.m */ = {isa = PBXFileReference; fileEncoding = 4; lastKnownFileType = sourcecode.c.objc; path = TBCityListViewController.m; sourceTree = "<group>"; };
		6DBE920314BD944B00AB25E3 /* TBCityListViewController.xib */ = {isa = PBXFileReference; fileEncoding = 4; lastKnownFileType = file.xib; path = TBCityListViewController.xib; sourceTree = "<group>"; };
		6DDECAA914C1D7B3009C63F8 /* RouteInfoCell.xib */ = {isa = PBXFileReference; fileEncoding = 4; lastKnownFileType = file.xib; path = RouteInfoCell.xib; sourceTree = "<group>"; };
		6DE326E014BFF5BB007FA4C2 /* CFNetwork.framework */ = {isa = PBXFileReference; lastKnownFileType = wrapper.framework; name = CFNetwork.framework; path = System/Library/Frameworks/CFNetwork.framework; sourceTree = SDKROOT; };
		6DE326E214BFF5C7007FA4C2 /* SystemConfiguration.framework */ = {isa = PBXFileReference; lastKnownFileType = wrapper.framework; name = SystemConfiguration.framework; path = System/Library/Frameworks/SystemConfiguration.framework; sourceTree = SDKROOT; };
		6DE326E414BFF5D3007FA4C2 /* MobileCoreServices.framework */ = {isa = PBXFileReference; lastKnownFileType = wrapper.framework; name = MobileCoreServices.framework; path = System/Library/Frameworks/MobileCoreServices.framework; sourceTree = SDKROOT; };
		6DE326E614BFF629007FA4C2 /* libz.dylib */ = {isa = PBXFileReference; lastKnownFileType = "compiled.mach-o.dylib"; name = libz.dylib; path = usr/lib/libz.dylib; sourceTree = SDKROOT; };
		6DE3272514C006EB007FA4C2 /* BMapKit.h */ = {isa = PBXFileReference; fileEncoding = 4; lastKnownFileType = sourcecode.c.h; path = BMapKit.h; sourceTree = "<group>"; };
		6DE3272614C006EB007FA4C2 /* BMKAnnotation.h */ = {isa = PBXFileReference; fileEncoding = 4; lastKnownFileType = sourcecode.c.h; path = BMKAnnotation.h; sourceTree = "<group>"; };
		6DE3272714C006EB007FA4C2 /* BMKAnnotationView.h */ = {isa = PBXFileReference; fileEncoding = 4; lastKnownFileType = sourcecode.c.h; path = BMKAnnotationView.h; sourceTree = "<group>"; };
		6DE3272814C006EB007FA4C2 /* BMKCircle.h */ = {isa = PBXFileReference; fileEncoding = 4; lastKnownFileType = sourcecode.c.h; path = BMKCircle.h; sourceTree = "<group>"; };
		6DE3272914C006EB007FA4C2 /* BMKCircleView.h */ = {isa = PBXFileReference; fileEncoding = 4; lastKnownFileType = sourcecode.c.h; path = BMKCircleView.h; sourceTree = "<group>"; };
		6DE3272A14C006EB007FA4C2 /* BMKGeneralDelegate.h */ = {isa = PBXFileReference; fileEncoding = 4; lastKnownFileType = sourcecode.c.h; path = BMKGeneralDelegate.h; sourceTree = "<group>"; };
		6DE3272B14C006EB007FA4C2 /* BMKGeocodeType.h */ = {isa = PBXFileReference; fileEncoding = 4; lastKnownFileType = sourcecode.c.h; path = BMKGeocodeType.h; sourceTree = "<group>"; };
		6DE3272C14C006EB007FA4C2 /* BMKGeometry.h */ = {isa = PBXFileReference; fileEncoding = 4; lastKnownFileType = sourcecode.c.h; path = BMKGeometry.h; sourceTree = "<group>"; };
		6DE3272D14C006EB007FA4C2 /* BMKMapManager.h */ = {isa = PBXFileReference; fileEncoding = 4; lastKnownFileType = sourcecode.c.h; path = BMKMapManager.h; sourceTree = "<group>"; };
		6DE3272E14C006EB007FA4C2 /* BMKMapView.h */ = {isa = PBXFileReference; fileEncoding = 4; lastKnownFileType = sourcecode.c.h; path = BMKMapView.h; sourceTree = "<group>"; };
		6DE3272F14C006EB007FA4C2 /* BMKMultiPoint.h */ = {isa = PBXFileReference; fileEncoding = 4; lastKnownFileType = sourcecode.c.h; path = BMKMultiPoint.h; sourceTree = "<group>"; };
		6DE3273014C006EB007FA4C2 /* BMKOfflineMap.h */ = {isa = PBXFileReference; fileEncoding = 4; lastKnownFileType = sourcecode.c.h; path = BMKOfflineMap.h; sourceTree = "<group>"; };
		6DE3273114C006EB007FA4C2 /* BMKOfflineMapType.h */ = {isa = PBXFileReference; fileEncoding = 4; lastKnownFileType = sourcecode.c.h; path = BMKOfflineMapType.h; sourceTree = "<group>"; };
		6DE3273214C006EB007FA4C2 /* BMKOverlay.h */ = {isa = PBXFileReference; fileEncoding = 4; lastKnownFileType = sourcecode.c.h; path = BMKOverlay.h; sourceTree = "<group>"; };
		6DE3273314C006EB007FA4C2 /* BMKOverlayPathView.h */ = {isa = PBXFileReference; fileEncoding = 4; lastKnownFileType = sourcecode.c.h; path = BMKOverlayPathView.h; sourceTree = "<group>"; };
		6DE3273414C006EB007FA4C2 /* BMKOverlayView.h */ = {isa = PBXFileReference; fileEncoding = 4; lastKnownFileType = sourcecode.c.h; path = BMKOverlayView.h; sourceTree = "<group>"; };
		6DE3273514C006EB007FA4C2 /* BMKPinAnnotationView.h */ = {isa = PBXFileReference; fileEncoding = 4; lastKnownFileType = sourcecode.c.h; path = BMKPinAnnotationView.h; sourceTree = "<group>"; };
		6DE3273614C006EB007FA4C2 /* BMKPointAnnotation.h */ = {isa = PBXFileReference; fileEncoding = 4; lastKnownFileType = sourcecode.c.h; path = BMKPointAnnotation.h; sourceTree = "<group>"; };
		6DE3273714C006EB007FA4C2 /* BMKPoiSearchType.h */ = {isa = PBXFileReference; fileEncoding = 4; lastKnownFileType = sourcecode.c.h; path = BMKPoiSearchType.h; sourceTree = "<group>"; };
		6DE3273814C006EB007FA4C2 /* BMKPolygon.h */ = {isa = PBXFileReference; fileEncoding = 4; lastKnownFileType = sourcecode.c.h; path = BMKPolygon.h; sourceTree = "<group>"; };
		6DE3273914C006EB007FA4C2 /* BMKPolygonView.h */ = {isa = PBXFileReference; fileEncoding = 4; lastKnownFileType = sourcecode.c.h; path = BMKPolygonView.h; sourceTree = "<group>"; };
		6DE3273A14C006EB007FA4C2 /* BMKPolyline.h */ = {isa = PBXFileReference; fileEncoding = 4; lastKnownFileType = sourcecode.c.h; path = BMKPolyline.h; sourceTree = "<group>"; };
		6DE3273B14C006EB007FA4C2 /* BMKPolylineView.h */ = {isa = PBXFileReference; fileEncoding = 4; lastKnownFileType = sourcecode.c.h; path = BMKPolylineView.h; sourceTree = "<group>"; };
		6DE3273C14C006EB007FA4C2 /* BMKRouteSearchType.h */ = {isa = PBXFileReference; fileEncoding = 4; lastKnownFileType = sourcecode.c.h; path = BMKRouteSearchType.h; sourceTree = "<group>"; };
		6DE3273D14C006EB007FA4C2 /* BMKSearch.h */ = {isa = PBXFileReference; fileEncoding = 4; lastKnownFileType = sourcecode.c.h; path = BMKSearch.h; sourceTree = "<group>"; };
		6DE3273E14C006EB007FA4C2 /* BMKShape.h */ = {isa = PBXFileReference; fileEncoding = 4; lastKnownFileType = sourcecode.c.h; path = BMKShape.h; sourceTree = "<group>"; };
		6DE3273F14C006EB007FA4C2 /* BMKTypes.h */ = {isa = PBXFileReference; fileEncoding = 4; lastKnownFileType = sourcecode.c.h; path = BMKTypes.h; sourceTree = "<group>"; };
		6DE3274014C006EB007FA4C2 /* BMKUserLocation.h */ = {isa = PBXFileReference; fileEncoding = 4; lastKnownFileType = sourcecode.c.h; path = BMKUserLocation.h; sourceTree = "<group>"; };
		6DE3274114C006EB007FA4C2 /* BMKVersion.h */ = {isa = PBXFileReference; fileEncoding = 4; lastKnownFileType = sourcecode.c.h; path = BMKVersion.h; sourceTree = "<group>"; };
		6DE3274214C0071C007FA4C2 /* libbaidumapapi.a */ = {isa = PBXFileReference; lastKnownFileType = archive.ar; path = libbaidumapapi.a; sourceTree = "<group>"; };
		6DE3274414C0077B007FA4C2 /* NSObject+SBJson.h */ = {isa = PBXFileReference; fileEncoding = 4; lastKnownFileType = sourcecode.c.h; path = "NSObject+SBJson.h"; sourceTree = "<group>"; };
		6DE3274514C0077B007FA4C2 /* SBJson.h */ = {isa = PBXFileReference; fileEncoding = 4; lastKnownFileType = sourcecode.c.h; path = SBJson.h; sourceTree = "<group>"; };
		6DE3274614C0077B007FA4C2 /* SBJsonParser.h */ = {isa = PBXFileReference; fileEncoding = 4; lastKnownFileType = sourcecode.c.h; path = SBJsonParser.h; sourceTree = "<group>"; };
		6DE3274714C0077B007FA4C2 /* SBJsonStreamParser.h */ = {isa = PBXFileReference; fileEncoding = 4; lastKnownFileType = sourcecode.c.h; path = SBJsonStreamParser.h; sourceTree = "<group>"; };
		6DE3274814C0077B007FA4C2 /* SBJsonStreamParserAccumulator.h */ = {isa = PBXFileReference; fileEncoding = 4; lastKnownFileType = sourcecode.c.h; path = SBJsonStreamParserAccumulator.h; sourceTree = "<group>"; };
		6DE3274914C0077B007FA4C2 /* SBJsonStreamParserAdapter.h */ = {isa = PBXFileReference; fileEncoding = 4; lastKnownFileType = sourcecode.c.h; path = SBJsonStreamParserAdapter.h; sourceTree = "<group>"; };
		6DE3274A14C0077B007FA4C2 /* SBJsonStreamWriter.h */ = {isa = PBXFileReference; fileEncoding = 4; lastKnownFileType = sourcecode.c.h; path = SBJsonStreamWriter.h; sourceTree = "<group>"; };
		6DE3274B14C0077B007FA4C2 /* SBJsonStreamWriterAccumulator.h */ = {isa = PBXFileReference; fileEncoding = 4; lastKnownFileType = sourcecode.c.h; path = SBJsonStreamWriterAccumulator.h; sourceTree = "<group>"; };
		6DE3274C14C0077B007FA4C2 /* SBJsonWriter.h */ = {isa = PBXFileReference; fileEncoding = 4; lastKnownFileType = sourcecode.c.h; path = SBJsonWriter.h; sourceTree = "<group>"; };
		6DE3274D14C00815007FA4C2 /* libsbjson-ios.a */ = {isa = PBXFileReference; lastKnownFileType = archive.ar; path = "libsbjson-ios.a"; sourceTree = "<group>"; };
/* End PBXFileReference section */

/* Begin PBXFrameworksBuildPhase section */
		6DBE91CB14BD67FB00AB25E3 /* Frameworks */ = {
			isa = PBXFrameworksBuildPhase;
			buildActionMask = 2147483647;
			files = (
				6DE3274E14C00815007FA4C2 /* libsbjson-ios.a in Frameworks */,
				6DE3274314C0071C007FA4C2 /* libbaidumapapi.a in Frameworks */,
				6DE326E714BFF629007FA4C2 /* libz.dylib in Frameworks */,
				6DBE91D714BD67FB00AB25E3 /* CoreGraphics.framework in Frameworks */,
				6DE326E514BFF5D3007FA4C2 /* MobileCoreServices.framework in Frameworks */,
				6DE326E314BFF5C7007FA4C2 /* SystemConfiguration.framework in Frameworks */,
				6DE326E114BFF5BB007FA4C2 /* CFNetwork.framework in Frameworks */,
				6D7D551214BF331D0098BD89 /* QuartzCore.framework in Frameworks */,
				6D7D551014BF33120098BD89 /* CoreLocation.framework in Frameworks */,
				6D46506D14BEC52000B223B5 /* libsqlite3.dylib in Frameworks */,
				6DBE91D314BD67FB00AB25E3 /* UIKit.framework in Frameworks */,
				6DBE91D514BD67FB00AB25E3 /* Foundation.framework in Frameworks */,
			);
			runOnlyForDeploymentPostprocessing = 0;
		};
/* End PBXFrameworksBuildPhase section */

/* Begin PBXGroup section */
		6D46506F14BEC7CB00B223B5 /* Resources */ = {
			isa = PBXGroup;
			children = (
				6D46507214BEC8E700B223B5 /* dwh.sqlite3 */,
			);
			name = Resources;
			path = ..;
			sourceTree = "<group>";
		};
		6D7D54E714BF31D60098BD89 /* BaiduMapAPI */ = {
			isa = PBXGroup;
			children = (
				6DE3274214C0071C007FA4C2 /* libbaidumapapi.a */,
				6DE3272514C006EB007FA4C2 /* BMapKit.h */,
				6DE3272614C006EB007FA4C2 /* BMKAnnotation.h */,
				6DE3272714C006EB007FA4C2 /* BMKAnnotationView.h */,
				6DE3272814C006EB007FA4C2 /* BMKCircle.h */,
				6DE3272914C006EB007FA4C2 /* BMKCircleView.h */,
				6DE3272A14C006EB007FA4C2 /* BMKGeneralDelegate.h */,
				6DE3272B14C006EB007FA4C2 /* BMKGeocodeType.h */,
				6DE3272C14C006EB007FA4C2 /* BMKGeometry.h */,
				6DE3272D14C006EB007FA4C2 /* BMKMapManager.h */,
				6DE3272E14C006EB007FA4C2 /* BMKMapView.h */,
				6DE3272F14C006EB007FA4C2 /* BMKMultiPoint.h */,
				6DE3273014C006EB007FA4C2 /* BMKOfflineMap.h */,
				6DE3273114C006EB007FA4C2 /* BMKOfflineMapType.h */,
				6DE3273214C006EB007FA4C2 /* BMKOverlay.h */,
				6DE3273314C006EB007FA4C2 /* BMKOverlayPathView.h */,
				6DE3273414C006EB007FA4C2 /* BMKOverlayView.h */,
				6DE3273514C006EB007FA4C2 /* BMKPinAnnotationView.h */,
				6DE3273614C006EB007FA4C2 /* BMKPointAnnotation.h */,
				6DE3273714C006EB007FA4C2 /* BMKPoiSearchType.h */,
				6DE3273814C006EB007FA4C2 /* BMKPolygon.h */,
				6DE3273914C006EB007FA4C2 /* BMKPolygonView.h */,
				6DE3273A14C006EB007FA4C2 /* BMKPolyline.h */,
				6DE3273B14C006EB007FA4C2 /* BMKPolylineView.h */,
				6DE3273C14C006EB007FA4C2 /* BMKRouteSearchType.h */,
				6DE3273D14C006EB007FA4C2 /* BMKSearch.h */,
				6DE3273E14C006EB007FA4C2 /* BMKShape.h */,
				6DE3273F14C006EB007FA4C2 /* BMKTypes.h */,
				6DE3274014C006EB007FA4C2 /* BMKUserLocation.h */,
				6DE3274114C006EB007FA4C2 /* BMKVersion.h */,
				6D7D550B14BF31F60098BD89 /* mapapi.bundle */,
			);
			name = BaiduMapAPI;
			sourceTree = "<group>";
		};
		6DBE91C314BD67FB00AB25E3 = {
			isa = PBXGroup;
			children = (
				6DBE91D814BD67FB00AB25E3 /* DriveWeatherHelper */,
				6DBE91D114BD67FB00AB25E3 /* Frameworks */,
				6DBE91CF14BD67FB00AB25E3 /* Products */,
			);
			sourceTree = "<group>";
		};
		6DBE91CF14BD67FB00AB25E3 /* Products */ = {
			isa = PBXGroup;
			children = (
				6DBE91CE14BD67FB00AB25E3 /* DriveWeatherHelper.app */,
			);
			name = Products;
			sourceTree = "<group>";
		};
		6DBE91D114BD67FB00AB25E3 /* Frameworks */ = {
			isa = PBXGroup;
			children = (
				6DE326E614BFF629007FA4C2 /* libz.dylib */,
				6DE326E414BFF5D3007FA4C2 /* MobileCoreServices.framework */,
				6DE326E214BFF5C7007FA4C2 /* SystemConfiguration.framework */,
				6DE326E014BFF5BB007FA4C2 /* CFNetwork.framework */,
				6D7D551114BF331D0098BD89 /* QuartzCore.framework */,
				6D7D550F14BF33120098BD89 /* CoreLocation.framework */,
				6D46506C14BEC52000B223B5 /* libsqlite3.dylib */,
				6DBE91D214BD67FB00AB25E3 /* UIKit.framework */,
				6DBE91D414BD67FB00AB25E3 /* Foundation.framework */,
				6DBE91D614BD67FB00AB25E3 /* CoreGraphics.framework */,
			);
			name = Frameworks;
			sourceTree = "<group>";
		};
		6DBE91D814BD67FB00AB25E3 /* DriveWeatherHelper */ = {
			isa = PBXGroup;
			children = (
				6DBE91E114BD67FB00AB25E3 /* TBAppDelegate.h */,
				6DBE91E214BD67FB00AB25E3 /* TBAppDelegate.m */,
				6DBE91E914BD681200AB25E3 /* TBMainWindow.xib */,
				6DBE91EB14BD696100AB25E3 /* TBRouteListViewController.h */,
				6DBE91EC14BD696100AB25E3 /* TBRouteListViewController.m */,
				6DBE91ED14BD696100AB25E3 /* TBRouteListViewController.xib */,
				6D7D54DD14BF315A0098BD89 /* TBRouteWeatherViewController.h */,
				6D7D54DE14BF315A0098BD89 /* TBRouteWeatherViewController.m */,
				6D7D54DF14BF315A0098BD89 /* TBRouteWeatherViewController.xib */,
				6DA9B0B514BDB7CA0042E007 /* TBAddRouteViewController.h */,
				6DA9B0B614BDB7CA0042E007 /* TBAddRouteViewController.m */,
				6DA9B0B714BDB7CA0042E007 /* TBAddRouteViewController.xib */,
				6DBE920114BD944B00AB25E3 /* TBCityListViewController.h */,
				6DBE920214BD944B00AB25E3 /* TBCityListViewController.m */,
				6DBE920314BD944B00AB25E3 /* TBCityListViewController.xib */,
				6DDECAA914C1D7B3009C63F8 /* RouteInfoCell.xib */,
				6DE3269914BFDB51007FA4C2 /* SBJson */,
				6D7D54E714BF31D60098BD89 /* BaiduMapAPI */,
				6D46506F14BEC7CB00B223B5 /* Resources */,
				6DBE91D914BD67FB00AB25E3 /* Supporting Files */,
			);
			path = DriveWeatherHelper;
			sourceTree = "<group>";
		};
		6DBE91D914BD67FB00AB25E3 /* Supporting Files */ = {
			isa = PBXGroup;
			children = (
				6DBE91DA14BD67FB00AB25E3 /* DriveWeatherHelper-Info.plist */,
				6DBE91DB14BD67FB00AB25E3 /* InfoPlist.strings */,
				6DBE91DE14BD67FB00AB25E3 /* main.m */,
				6DBE91E014BD67FB00AB25E3 /* DriveWeatherHelper-Prefix.pch */,
			);
			name = "Supporting Files";
			sourceTree = "<group>";
		};
		6DE3269914BFDB51007FA4C2 /* SBJson */ = {
			isa = PBXGroup;
			children = (
				6DE3274D14C00815007FA4C2 /* libsbjson-ios.a */,
				6DE3274414C0077B007FA4C2 /* NSObject+SBJson.h */,
				6DE3274514C0077B007FA4C2 /* SBJson.h */,
				6DE3274614C0077B007FA4C2 /* SBJsonParser.h */,
				6DE3274714C0077B007FA4C2 /* SBJsonStreamParser.h */,
				6DE3274814C0077B007FA4C2 /* SBJsonStreamParserAccumulator.h */,
				6DE3274914C0077B007FA4C2 /* SBJsonStreamParserAdapter.h */,
				6DE3274A14C0077B007FA4C2 /* SBJsonStreamWriter.h */,
				6DE3274B14C0077B007FA4C2 /* SBJsonStreamWriterAccumulator.h */,
				6DE3274C14C0077B007FA4C2 /* SBJsonWriter.h */,
			);
			name = SBJson;
			sourceTree = "<group>";
		};
/* End PBXGroup section */

/* Begin PBXNativeTarget section */
		6DBE91CD14BD67FB00AB25E3 /* DriveWeatherHelper */ = {
			isa = PBXNativeTarget;
			buildConfigurationList = 6DBE91E614BD67FB00AB25E3 /* Build configuration list for PBXNativeTarget "DriveWeatherHelper" */;
			buildPhases = (
				6DBE91CA14BD67FB00AB25E3 /* Sources */,
				6DBE91CB14BD67FB00AB25E3 /* Frameworks */,
				6DBE91CC14BD67FB00AB25E3 /* Resources */,
			);
			buildRules = (
			);
			dependencies = (
			);
			name = DriveWeatherHelper;
			productName = DriveWeatherHelper;
			productReference = 6DBE91CE14BD67FB00AB25E3 /* DriveWeatherHelper.app */;
			productType = "com.apple.product-type.application";
		};
/* End PBXNativeTarget section */

/* Begin PBXProject section */
		6DBE91C514BD67FB00AB25E3 /* Project object */ = {
			isa = PBXProject;
			attributes = {
				LastUpgradeCheck = 0420;
			};
			buildConfigurationList = 6DBE91C814BD67FB00AB25E3 /* Build configuration list for PBXProject "DriveWeatherHelper" */;
			compatibilityVersion = "Xcode 3.2";
			developmentRegion = English;
			hasScannedForEncodings = 0;
			knownRegions = (
				en,
			);
			mainGroup = 6DBE91C314BD67FB00AB25E3;
			productRefGroup = 6DBE91CF14BD67FB00AB25E3 /* Products */;
			projectDirPath = "";
			projectRoot = "";
			targets = (
				6DBE91CD14BD67FB00AB25E3 /* DriveWeatherHelper */,
			);
		};
/* End PBXProject section */

/* Begin PBXResourcesBuildPhase section */
		6DBE91CC14BD67FB00AB25E3 /* Resources */ = {
			isa = PBXResourcesBuildPhase;
			buildActionMask = 2147483647;
			files = (
				6DBE91DD14BD67FB00AB25E3 /* InfoPlist.strings in Resources */,
				6DBE91EA14BD681200AB25E3 /* TBMainWindow.xib in Resources */,
				6DBE91EF14BD696100AB25E3 /* TBRouteListViewController.xib in Resources */,
				6DBE920514BD944B00AB25E3 /* TBCityListViewController.xib in Resources */,
				6DA9B0B914BDB7CA0042E007 /* TBAddRouteViewController.xib in Resources */,
				6D46507314BEC8E700B223B5 /* dwh.sqlite3 in Resources */,
				6D7D54E114BF315A0098BD89 /* TBRouteWeatherViewController.xib in Resources */,
				6D7D550E14BF31F70098BD89 /* mapapi.bundle in Resources */,
				6DDECAAA14C1D7B3009C63F8 /* RouteInfoCell.xib in Resources */,
			);
			runOnlyForDeploymentPostprocessing = 0;
		};
/* End PBXResourcesBuildPhase section */

/* Begin PBXSourcesBuildPhase section */
		6DBE91CA14BD67FB00AB25E3 /* Sources */ = {
			isa = PBXSourcesBuildPhase;
			buildActionMask = 2147483647;
			files = (
				6DBE91DF14BD67FB00AB25E3 /* main.m in Sources */,
				6DBE91E314BD67FB00AB25E3 /* TBAppDelegate.m in Sources */,
				6DBE91EE14BD696100AB25E3 /* TBRouteListViewController.m in Sources */,
				6DBE920414BD944B00AB25E3 /* TBCityListViewController.m in Sources */,
				6DA9B0B814BDB7CA0042E007 /* TBAddRouteViewController.m in Sources */,
				6D7D54E014BF315A0098BD89 /* TBRouteWeatherViewController.m in Sources */,
			);
			runOnlyForDeploymentPostprocessing = 0;
		};
/* End PBXSourcesBuildPhase section */

/* Begin PBXVariantGroup section */
		6DBE91DB14BD67FB00AB25E3 /* InfoPlist.strings */ = {
			isa = PBXVariantGroup;
			children = (
				6DBE91DC14BD67FB00AB25E3 /* en */,
			);
			name = InfoPlist.strings;
			sourceTree = "<group>";
		};
/* End PBXVariantGroup section */

/* Begin XCBuildConfiguration section */
		6DBE91E414BD67FB00AB25E3 /* Debug */ = {
			isa = XCBuildConfiguration;
			buildSettings = {
				ALWAYS_SEARCH_USER_PATHS = NO;
				ARCHS = "$(ARCHS_STANDARD_32_BIT)";
				"CODE_SIGN_IDENTITY[sdk=iphoneos*]" = "iPhone Developer";
				COPY_PHASE_STRIP = NO;
				GCC_C_LANGUAGE_STANDARD = gnu99;
				GCC_DYNAMIC_NO_PIC = NO;
				GCC_INPUT_FILETYPE = sourcecode.cpp.objcpp;
				GCC_OPTIMIZATION_LEVEL = 0;
				GCC_PREPROCESSOR_DEFINITIONS = (
					"DEBUG=1",
					"$(inherited)",
				);
				GCC_SYMBOLS_PRIVATE_EXTERN = NO;
				GCC_VERSION = com.apple.compilers.llvm.clang.1_0;
				GCC_WARN_ABOUT_MISSING_PROTOTYPES = YES;
				GCC_WARN_ABOUT_RETURN_TYPE = YES;
				GCC_WARN_UNUSED_VARIABLE = YES;
				IPHONEOS_DEPLOYMENT_TARGET = 5.0;
				LIBRARY_SEARCH_PATHS = "";
				OTHER_LDFLAGS = "-all_load";
				SDKROOT = iphoneos;
			};
			name = Debug;
		};
		6DBE91E514BD67FB00AB25E3 /* Release */ = {
			isa = XCBuildConfiguration;
			buildSettings = {
				ALWAYS_SEARCH_USER_PATHS = NO;
				ARCHS = "$(ARCHS_STANDARD_32_BIT)";
				"CODE_SIGN_IDENTITY[sdk=iphoneos*]" = "iPhone Developer";
				COPY_PHASE_STRIP = YES;
				GCC_C_LANGUAGE_STANDARD = gnu99;
				GCC_INPUT_FILETYPE = sourcecode.cpp.objcpp;
				GCC_VERSION = com.apple.compilers.llvm.clang.1_0;
				GCC_WARN_ABOUT_MISSING_PROTOTYPES = YES;
				GCC_WARN_ABOUT_RETURN_TYPE = YES;
				GCC_WARN_UNUSED_VARIABLE = YES;
				IPHONEOS_DEPLOYMENT_TARGET = 5.0;
				LIBRARY_SEARCH_PATHS = "";
				OTHER_CFLAGS = "-DNS_BLOCK_ASSERTIONS=1";
				OTHER_LDFLAGS = "-all_load";
				SDKROOT = iphoneos;
				VALIDATE_PRODUCT = YES;
			};
			name = Release;
		};
		6DBE91E714BD67FB00AB25E3 /* Debug */ = {
			isa = XCBuildConfiguration;
			buildSettings = {
				GCC_INPUT_FILETYPE = sourcecode.cpp.objcpp;
				GCC_PRECOMPILE_PREFIX_HEADER = YES;
				GCC_PREFIX_HEADER = "DriveWeatherHelper/DriveWeatherHelper-Prefix.pch";
				INFOPLIST_FILE = "DriveWeatherHelper/DriveWeatherHelper-Info.plist";
				LIBRARY_SEARCH_PATHS = (
					"$(inherited)",
					"\"$(SRCROOT)/DriveWeatherHelper\"",
				);
				OTHER_LDFLAGS = "-all_load";
				PRODUCT_NAME = "$(TARGET_NAME)";
				WRAPPER_EXTENSION = app;
			};
			name = Debug;
		};
		6DBE91E814BD67FB00AB25E3 /* Release */ = {
			isa = XCBuildConfiguration;
			buildSettings = {
				GCC_INPUT_FILETYPE = sourcecode.cpp.objcpp;
				GCC_PRECOMPILE_PREFIX_HEADER = YES;
				GCC_PREFIX_HEADER = "DriveWeatherHelper/DriveWeatherHelper-Prefix.pch";
				INFOPLIST_FILE = "DriveWeatherHelper/DriveWeatherHelper-Info.plist";
				LIBRARY_SEARCH_PATHS = (
					"$(inherited)",
					"\"$(SRCROOT)/DriveWeatherHelper\"",
				);
				OTHER_LDFLAGS = "-all_load";
				PRODUCT_NAME = "$(TARGET_NAME)";
				WRAPPER_EXTENSION = app;
			};
			name = Release;
		};
/* End XCBuildConfiguration section */

/* Begin XCConfigurationList section */
		6DBE91C814BD67FB00AB25E3 /* Build configuration list for PBXProject "DriveWeatherHelper" */ = {
			isa = XCConfigurationList;
			buildConfigurations = (
				6DBE91E414BD67FB00AB25E3 /* Debug */,
				6DBE91E514BD67FB00AB25E3 /* Release */,
			);
			defaultConfigurationIsVisible = 0;
			defaultConfigurationName = Release;
		};
		6DBE91E614BD67FB00AB25E3 /* Build configuration list for PBXNativeTarget "DriveWeatherHelper" */ = {
			isa = XCConfigurationList;
			buildConfigurations = (
				6DBE91E714BD67FB00AB25E3 /* Debug */,
				6DBE91E814BD67FB00AB25E3 /* Release */,
			);
			defaultConfigurationIsVisible = 0;
			defaultConfigurationName = Release;
		};
/* End XCConfigurationList section */
	};
	rootObject = 6DBE91C514BD67FB00AB25E3 /* Project object */;
}
