// !$*UTF8*$!
{
	archiveVersion = 1;
	classes = {
	};
	objectVersion = 46;
	objects = {

/* Begin PBXBuildFile section */
		6D46506D14BEC52000B223B5 /* libsqlite3.dylib in Frameworks */ = {isa = PBXBuildFile; fileRef = 6D46506C14BEC52000B223B5 /* libsqlite3.dylib */; };
		6D46507314BEC8E700B223B5 /* dwh.sqlite3 in Resources */ = {isa = PBXBuildFile; fileRef = 6D46507214BEC8E700B223B5 /* dwh.sqlite3 */; };
		6D7D54E014BF315A0098BD89 /* TBRouteWeatherViewController.m in Sources */ = {isa = PBXBuildFile; fileRef = 6D7D54DE14BF315A0098BD89 /* TBRouteWeatherViewController.m */; };
		6D7D54E114BF315A0098BD89 /* TBRouteWeatherViewController.xib in Resources */ = {isa = PBXBuildFile; fileRef = 6D7D54DF14BF315A0098BD89 /* TBRouteWeatherViewController.xib */; };
		6D7D550C14BF31F60098BD89 /* libbaidumapapi.a in Frameworks */ = {isa = PBXBuildFile; fileRef = 6D7D550814BF31F60098BD89 /* libbaidumapapi.a */; };
		6D7D550D14BF31F70098BD89 /* libbaidumapapi.a in Frameworks */ = {isa = PBXBuildFile; fileRef = 6D7D550A14BF31F60098BD89 /* libbaidumapapi.a */; };
		6D7D550E14BF31F70098BD89 /* mapapi.bundle in Resources */ = {isa = PBXBuildFile; fileRef = 6D7D550B14BF31F60098BD89 /* mapapi.bundle */; };
		6D7D551014BF33120098BD89 /* CoreLocation.framework in Frameworks */ = {isa = PBXBuildFile; fileRef = 6D7D550F14BF33120098BD89 /* CoreLocation.framework */; };
		6D7D551214BF331D0098BD89 /* QuartzCore.framework in Frameworks */ = {isa = PBXBuildFile; fileRef = 6D7D551114BF331D0098BD89 /* QuartzCore.framework */; };
		6DA9B0B814BDB7CA0042E007 /* TBAddRouteViewController.m in Sources */ = {isa = PBXBuildFile; fileRef = 6DA9B0B614BDB7CA0042E007 /* TBAddRouteViewController.m */; };
		6DA9B0B914BDB7CA0042E007 /* TBAddRouteViewController.xib in Resources */ = {isa = PBXBuildFile; fileRef = 6DA9B0B714BDB7CA0042E007 /* TBAddRouteViewController.xib */; };
		6DBE91D314BD67FB00AB25E3 /* UIKit.framework in Frameworks */ = {isa = PBXBuildFile; fileRef = 6DBE91D214BD67FB00AB25E3 /* UIKit.framework */; };
		6DBE91D514BD67FB00AB25E3 /* Foundation.framework in Frameworks */ = {isa = PBXBuildFile; fileRef = 6DBE91D414BD67FB00AB25E3 /* Foundation.framework */; };
		6DBE91D714BD67FB00AB25E3 /* CoreGraphics.framework in Frameworks */ = {isa = PBXBuildFile; fileRef = 6DBE91D614BD67FB00AB25E3 /* CoreGraphics.framework */; };
		6DBE91DD14BD67FB00AB25E3 /* InfoPlist.strings in Resources */ = {isa = PBXBuildFile; fileRef = 6DBE91DB14BD67FB00AB25E3 /* InfoPlist.strings */; };
		6DBE91DF14BD67FB00AB25E3 /* main.m in Sources */ = {isa = PBXBuildFile; fileRef = 6DBE91DE14BD67FB00AB25E3 /* main.m */; };
		6DBE91E314BD67FB00AB25E3 /* TBAppDelegate.m in Sources */ = {isa = PBXBuildFile; fileRef = 6DBE91E214BD67FB00AB25E3 /* TBAppDelegate.m */; };
		6DBE91EA14BD681200AB25E3 /* TBMainWindow.xib in Resources */ = {isa = PBXBuildFile; fileRef = 6DBE91E914BD681200AB25E3 /* TBMainWindow.xib */; };
		6DBE91EE14BD696100AB25E3 /* TBRouteListViewController.m in Sources */ = {isa = PBXBuildFile; fileRef = 6DBE91EC14BD696100AB25E3 /* TBRouteListViewController.m */; };
		6DBE91EF14BD696100AB25E3 /* TBRouteListViewController.xib in Resources */ = {isa = PBXBuildFile; fileRef = 6DBE91ED14BD696100AB25E3 /* TBRouteListViewController.xib */; };
		6DBE920414BD944B00AB25E3 /* TBCityListViewController.m in Sources */ = {isa = PBXBuildFile; fileRef = 6DBE920214BD944B00AB25E3 /* TBCityListViewController.m */; };
		6DBE920514BD944B00AB25E3 /* TBCityListViewController.xib in Resources */ = {isa = PBXBuildFile; fileRef = 6DBE920314BD944B00AB25E3 /* TBCityListViewController.xib */; };
		6DE326B414BFDB80007FA4C2 /* NSObject+SBJson.m in Sources */ = {isa = PBXBuildFile; fileRef = 6DE3269C14BFDB80007FA4C2 /* NSObject+SBJson.m */; };
		6DE326B514BFDB80007FA4C2 /* SBJsonParser.m in Sources */ = {isa = PBXBuildFile; fileRef = 6DE3269F14BFDB80007FA4C2 /* SBJsonParser.m */; };
		6DE326B614BFDB80007FA4C2 /* SBJsonStreamParser.m in Sources */ = {isa = PBXBuildFile; fileRef = 6DE326A114BFDB80007FA4C2 /* SBJsonStreamParser.m */; };
		6DE326B714BFDB80007FA4C2 /* SBJsonStreamParserAccumulator.m in Sources */ = {isa = PBXBuildFile; fileRef = 6DE326A314BFDB80007FA4C2 /* SBJsonStreamParserAccumulator.m */; };
		6DE326B814BFDB80007FA4C2 /* SBJsonStreamParserAdapter.m in Sources */ = {isa = PBXBuildFile; fileRef = 6DE326A514BFDB80007FA4C2 /* SBJsonStreamParserAdapter.m */; };
		6DE326B914BFDB80007FA4C2 /* SBJsonStreamParserState.m in Sources */ = {isa = PBXBuildFile; fileRef = 6DE326A714BFDB80007FA4C2 /* SBJsonStreamParserState.m */; };
		6DE326BA14BFDB80007FA4C2 /* SBJsonStreamWriter.m in Sources */ = {isa = PBXBuildFile; fileRef = 6DE326A914BFDB80007FA4C2 /* SBJsonStreamWriter.m */; };
		6DE326BB14BFDB80007FA4C2 /* SBJsonStreamWriterAccumulator.m in Sources */ = {isa = PBXBuildFile; fileRef = 6DE326AB14BFDB80007FA4C2 /* SBJsonStreamWriterAccumulator.m */; };
		6DE326BC14BFDB80007FA4C2 /* SBJsonStreamWriterState.m in Sources */ = {isa = PBXBuildFile; fileRef = 6DE326AD14BFDB80007FA4C2 /* SBJsonStreamWriterState.m */; };
		6DE326BD14BFDB80007FA4C2 /* SBJsonTokeniser.m in Sources */ = {isa = PBXBuildFile; fileRef = 6DE326AF14BFDB80007FA4C2 /* SBJsonTokeniser.m */; };
		6DE326BE14BFDB80007FA4C2 /* SBJsonUTF8Stream.m in Sources */ = {isa = PBXBuildFile; fileRef = 6DE326B114BFDB80007FA4C2 /* SBJsonUTF8Stream.m */; };
		6DE326BF14BFDB80007FA4C2 /* SBJsonWriter.m in Sources */ = {isa = PBXBuildFile; fileRef = 6DE326B314BFDB80007FA4C2 /* SBJsonWriter.m */; };
		6DE326D714BFEE7B007FA4C2 /* ASIAuthenticationDialog.m in Sources */ = {isa = PBXBuildFile; fileRef = 6DE326C214BFEE7B007FA4C2 /* ASIAuthenticationDialog.m */; };
		6DE326D814BFEE7B007FA4C2 /* ASIDataCompressor.m in Sources */ = {isa = PBXBuildFile; fileRef = 6DE326C514BFEE7B007FA4C2 /* ASIDataCompressor.m */; };
		6DE326D914BFEE7B007FA4C2 /* ASIDataDecompressor.m in Sources */ = {isa = PBXBuildFile; fileRef = 6DE326C714BFEE7B007FA4C2 /* ASIDataDecompressor.m */; };
		6DE326DA14BFEE7B007FA4C2 /* ASIDownloadCache.m in Sources */ = {isa = PBXBuildFile; fileRef = 6DE326C914BFEE7B007FA4C2 /* ASIDownloadCache.m */; };
		6DE326DB14BFEE7B007FA4C2 /* ASIFormDataRequest.m in Sources */ = {isa = PBXBuildFile; fileRef = 6DE326CB14BFEE7B007FA4C2 /* ASIFormDataRequest.m */; };
		6DE326DC14BFEE7B007FA4C2 /* ASIHTTPRequest.m in Sources */ = {isa = PBXBuildFile; fileRef = 6DE326CD14BFEE7B007FA4C2 /* ASIHTTPRequest.m */; };
		6DE326DD14BFEE7B007FA4C2 /* ASIInputStream.m in Sources */ = {isa = PBXBuildFile; fileRef = 6DE326D114BFEE7B007FA4C2 /* ASIInputStream.m */; };
		6DE326DE14BFEE7B007FA4C2 /* ASINetworkQueue.m in Sources */ = {isa = PBXBuildFile; fileRef = 6DE326D314BFEE7B007FA4C2 /* ASINetworkQueue.m */; };
		6DE326DF14BFEE7B007FA4C2 /* Reachability.m in Sources */ = {isa = PBXBuildFile; fileRef = 6DE326D614BFEE7B007FA4C2 /* Reachability.m */; };
/* End PBXBuildFile section */

/* Begin PBXFileReference section */
		6D46506C14BEC52000B223B5 /* libsqlite3.dylib */ = {isa = PBXFileReference; lastKnownFileType = "compiled.mach-o.dylib"; name = libsqlite3.dylib; path = usr/lib/libsqlite3.dylib; sourceTree = SDKROOT; };
		6D46507214BEC8E700B223B5 /* dwh.sqlite3 */ = {isa = PBXFileReference; lastKnownFileType = file; name = dwh.sqlite3; path = DriveWeatherHelper/dwh.sqlite3; sourceTree = "<group>"; };
		6D7D54DD14BF315A0098BD89 /* TBRouteWeatherViewController.h */ = {isa = PBXFileReference; fileEncoding = 4; lastKnownFileType = sourcecode.c.h; path = TBRouteWeatherViewController.h; sourceTree = "<group>"; };
		6D7D54DE14BF315A0098BD89 /* TBRouteWeatherViewController.m */ = {isa = PBXFileReference; fileEncoding = 4; lastKnownFileType = sourcecode.c.objc; path = TBRouteWeatherViewController.m; sourceTree = "<group>"; };
		6D7D54DF14BF315A0098BD89 /* TBRouteWeatherViewController.xib */ = {isa = PBXFileReference; fileEncoding = 4; lastKnownFileType = file.xib; path = TBRouteWeatherViewController.xib; sourceTree = "<group>"; };
		6D7D54E914BF31F60098BD89 /* BMapKit.h */ = {isa = PBXFileReference; fileEncoding = 4; lastKnownFileType = sourcecode.c.h; path = BMapKit.h; sourceTree = "<group>"; };
		6D7D54EA14BF31F60098BD89 /* BMKAnnotation.h */ = {isa = PBXFileReference; fileEncoding = 4; lastKnownFileType = sourcecode.c.h; path = BMKAnnotation.h; sourceTree = "<group>"; };
		6D7D54EB14BF31F60098BD89 /* BMKAnnotationView.h */ = {isa = PBXFileReference; fileEncoding = 4; lastKnownFileType = sourcecode.c.h; path = BMKAnnotationView.h; sourceTree = "<group>"; };
		6D7D54EC14BF31F60098BD89 /* BMKCircle.h */ = {isa = PBXFileReference; fileEncoding = 4; lastKnownFileType = sourcecode.c.h; path = BMKCircle.h; sourceTree = "<group>"; };
		6D7D54ED14BF31F60098BD89 /* BMKCircleView.h */ = {isa = PBXFileReference; fileEncoding = 4; lastKnownFileType = sourcecode.c.h; path = BMKCircleView.h; sourceTree = "<group>"; };
		6D7D54EE14BF31F60098BD89 /* BMKGeneralDelegate.h */ = {isa = PBXFileReference; fileEncoding = 4; lastKnownFileType = sourcecode.c.h; path = BMKGeneralDelegate.h; sourceTree = "<group>"; };
		6D7D54EF14BF31F60098BD89 /* BMKGeocodeType.h */ = {isa = PBXFileReference; fileEncoding = 4; lastKnownFileType = sourcecode.c.h; path = BMKGeocodeType.h; sourceTree = "<group>"; };
		6D7D54F014BF31F60098BD89 /* BMKGeometry.h */ = {isa = PBXFileReference; fileEncoding = 4; lastKnownFileType = sourcecode.c.h; path = BMKGeometry.h; sourceTree = "<group>"; };
		6D7D54F114BF31F60098BD89 /* BMKMapManager.h */ = {isa = PBXFileReference; fileEncoding = 4; lastKnownFileType = sourcecode.c.h; path = BMKMapManager.h; sourceTree = "<group>"; };
		6D7D54F214BF31F60098BD89 /* BMKMapView.h */ = {isa = PBXFileReference; fileEncoding = 4; lastKnownFileType = sourcecode.c.h; path = BMKMapView.h; sourceTree = "<group>"; };
		6D7D54F314BF31F60098BD89 /* BMKMultiPoint.h */ = {isa = PBXFileReference; fileEncoding = 4; lastKnownFileType = sourcecode.c.h; path = BMKMultiPoint.h; sourceTree = "<group>"; };
		6D7D54F414BF31F60098BD89 /* BMKOfflineMap.h */ = {isa = PBXFileReference; fileEncoding = 4; lastKnownFileType = sourcecode.c.h; path = BMKOfflineMap.h; sourceTree = "<group>"; };
		6D7D54F514BF31F60098BD89 /* BMKOfflineMapType.h */ = {isa = PBXFileReference; fileEncoding = 4; lastKnownFileType = sourcecode.c.h; path = BMKOfflineMapType.h; sourceTree = "<group>"; };
		6D7D54F614BF31F60098BD89 /* BMKOverlay.h */ = {isa = PBXFileReference; fileEncoding = 4; lastKnownFileType = sourcecode.c.h; path = BMKOverlay.h; sourceTree = "<group>"; };
		6D7D54F714BF31F60098BD89 /* BMKOverlayPathView.h */ = {isa = PBXFileReference; fileEncoding = 4; lastKnownFileType = sourcecode.c.h; path = BMKOverlayPathView.h; sourceTree = "<group>"; };
		6D7D54F814BF31F60098BD89 /* BMKOverlayView.h */ = {isa = PBXFileReference; fileEncoding = 4; lastKnownFileType = sourcecode.c.h; path = BMKOverlayView.h; sourceTree = "<group>"; };
		6D7D54F914BF31F60098BD89 /* BMKPinAnnotationView.h */ = {isa = PBXFileReference; fileEncoding = 4; lastKnownFileType = sourcecode.c.h; path = BMKPinAnnotationView.h; sourceTree = "<group>"; };
		6D7D54FA14BF31F60098BD89 /* BMKPointAnnotation.h */ = {isa = PBXFileReference; fileEncoding = 4; lastKnownFileType = sourcecode.c.h; path = BMKPointAnnotation.h; sourceTree = "<group>"; };
		6D7D54FB14BF31F60098BD89 /* BMKPoiSearchType.h */ = {isa = PBXFileReference; fileEncoding = 4; lastKnownFileType = sourcecode.c.h; path = BMKPoiSearchType.h; sourceTree = "<group>"; };
		6D7D54FC14BF31F60098BD89 /* BMKPolygon.h */ = {isa = PBXFileReference; fileEncoding = 4; lastKnownFileType = sourcecode.c.h; path = BMKPolygon.h; sourceTree = "<group>"; };
		6D7D54FD14BF31F60098BD89 /* BMKPolygonView.h */ = {isa = PBXFileReference; fileEncoding = 4; lastKnownFileType = sourcecode.c.h; path = BMKPolygonView.h; sourceTree = "<group>"; };
		6D7D54FE14BF31F60098BD89 /* BMKPolyline.h */ = {isa = PBXFileReference; fileEncoding = 4; lastKnownFileType = sourcecode.c.h; path = BMKPolyline.h; sourceTree = "<group>"; };
		6D7D54FF14BF31F60098BD89 /* BMKPolylineView.h */ = {isa = PBXFileReference; fileEncoding = 4; lastKnownFileType = sourcecode.c.h; path = BMKPolylineView.h; sourceTree = "<group>"; };
		6D7D550014BF31F60098BD89 /* BMKRouteSearchType.h */ = {isa = PBXFileReference; fileEncoding = 4; lastKnownFileType = sourcecode.c.h; path = BMKRouteSearchType.h; sourceTree = "<group>"; };
		6D7D550114BF31F60098BD89 /* BMKSearch.h */ = {isa = PBXFileReference; fileEncoding = 4; lastKnownFileType = sourcecode.c.h; path = BMKSearch.h; sourceTree = "<group>"; };
		6D7D550214BF31F60098BD89 /* BMKShape.h */ = {isa = PBXFileReference; fileEncoding = 4; lastKnownFileType = sourcecode.c.h; path = BMKShape.h; sourceTree = "<group>"; };
		6D7D550314BF31F60098BD89 /* BMKTypes.h */ = {isa = PBXFileReference; fileEncoding = 4; lastKnownFileType = sourcecode.c.h; path = BMKTypes.h; sourceTree = "<group>"; };
		6D7D550414BF31F60098BD89 /* BMKUserLocation.h */ = {isa = PBXFileReference; fileEncoding = 4; lastKnownFileType = sourcecode.c.h; path = BMKUserLocation.h; sourceTree = "<group>"; };
		6D7D550514BF31F60098BD89 /* BMKVersion.h */ = {isa = PBXFileReference; fileEncoding = 4; lastKnownFileType = sourcecode.c.h; path = BMKVersion.h; sourceTree = "<group>"; };
		6D7D550814BF31F60098BD89 /* libbaidumapapi.a */ = {isa = PBXFileReference; lastKnownFileType = archive.ar; path = libbaidumapapi.a; sourceTree = "<group>"; };
		6D7D550A14BF31F60098BD89 /* libbaidumapapi.a */ = {isa = PBXFileReference; lastKnownFileType = archive.ar; path = libbaidumapapi.a; sourceTree = "<group>"; };
		6D7D550B14BF31F60098BD89 /* mapapi.bundle */ = {isa = PBXFileReference; lastKnownFileType = "wrapper.plug-in"; path = mapapi.bundle; sourceTree = "<group>"; };
		6D7D550F14BF33120098BD89 /* CoreLocation.framework */ = {isa = PBXFileReference; lastKnownFileType = wrapper.framework; name = CoreLocation.framework; path = System/Library/Frameworks/CoreLocation.framework; sourceTree = SDKROOT; };
		6D7D551114BF331D0098BD89 /* QuartzCore.framework */ = {isa = PBXFileReference; lastKnownFileType = wrapper.framework; name = QuartzCore.framework; path = System/Library/Frameworks/QuartzCore.framework; sourceTree = SDKROOT; };
		6DA9B0B514BDB7CA0042E007 /* TBAddRouteViewController.h */ = {isa = PBXFileReference; fileEncoding = 4; lastKnownFileType = sourcecode.c.h; path = TBAddRouteViewController.h; sourceTree = "<group>"; };
		6DA9B0B614BDB7CA0042E007 /* TBAddRouteViewController.m */ = {isa = PBXFileReference; fileEncoding = 4; lastKnownFileType = sourcecode.c.objc; path = TBAddRouteViewController.m; sourceTree = "<group>"; };
		6DA9B0B714BDB7CA0042E007 /* TBAddRouteViewController.xib */ = {isa = PBXFileReference; fileEncoding = 4; lastKnownFileType = file.xib; path = TBAddRouteViewController.xib; sourceTree = "<group>"; };
		6DBE91CE14BD67FB00AB25E3 /* DriveWeatherHelper.app */ = {isa = PBXFileReference; explicitFileType = wrapper.application; includeInIndex = 0; path = DriveWeatherHelper.app; sourceTree = BUILT_PRODUCTS_DIR; };
		6DBE91D214BD67FB00AB25E3 /* UIKit.framework */ = {isa = PBXFileReference; lastKnownFileType = wrapper.framework; name = UIKit.framework; path = System/Library/Frameworks/UIKit.framework; sourceTree = SDKROOT; };
		6DBE91D414BD67FB00AB25E3 /* Foundation.framework */ = {isa = PBXFileReference; lastKnownFileType = wrapper.framework; name = Foundation.framework; path = System/Library/Frameworks/Foundation.framework; sourceTree = SDKROOT; };
		6DBE91D614BD67FB00AB25E3 /* CoreGraphics.framework */ = {isa = PBXFileReference; lastKnownFileType = wrapper.framework; name = CoreGraphics.framework; path = System/Library/Frameworks/CoreGraphics.framework; sourceTree = SDKROOT; };
		6DBE91DA14BD67FB00AB25E3 /* DriveWeatherHelper-Info.plist */ = {isa = PBXFileReference; lastKnownFileType = text.plist.xml; path = "DriveWeatherHelper-Info.plist"; sourceTree = "<group>"; };
		6DBE91DC14BD67FB00AB25E3 /* en */ = {isa = PBXFileReference; lastKnownFileType = text.plist.strings; name = en; path = en.lproj/InfoPlist.strings; sourceTree = "<group>"; };
		6DBE91DE14BD67FB00AB25E3 /* main.m */ = {isa = PBXFileReference; lastKnownFileType = sourcecode.c.objc; path = main.m; sourceTree = "<group>"; };
		6DBE91E014BD67FB00AB25E3 /* DriveWeatherHelper-Prefix.pch */ = {isa = PBXFileReference; lastKnownFileType = sourcecode.c.h; path = "DriveWeatherHelper-Prefix.pch"; sourceTree = "<group>"; };
		6DBE91E114BD67FB00AB25E3 /* TBAppDelegate.h */ = {isa = PBXFileReference; lastKnownFileType = sourcecode.c.h; path = TBAppDelegate.h; sourceTree = "<group>"; };
		6DBE91E214BD67FB00AB25E3 /* TBAppDelegate.m */ = {isa = PBXFileReference; lastKnownFileType = sourcecode.c.objc; path = TBAppDelegate.m; sourceTree = "<group>"; };
		6DBE91E914BD681200AB25E3 /* TBMainWindow.xib */ = {isa = PBXFileReference; fileEncoding = 4; lastKnownFileType = file.xib; path = TBMainWindow.xib; sourceTree = "<group>"; };
		6DBE91EB14BD696100AB25E3 /* TBRouteListViewController.h */ = {isa = PBXFileReference; fileEncoding = 4; lastKnownFileType = sourcecode.c.h; path = TBRouteListViewController.h; sourceTree = "<group>"; };
		6DBE91EC14BD696100AB25E3 /* TBRouteListViewController.m */ = {isa = PBXFileReference; fileEncoding = 4; lastKnownFileType = sourcecode.c.objc; path = TBRouteListViewController.m; sourceTree = "<group>"; };
		6DBE91ED14BD696100AB25E3 /* TBRouteListViewController.xib */ = {isa = PBXFileReference; fileEncoding = 4; lastKnownFileType = file.xib; path = TBRouteListViewController.xib; sourceTree = "<group>"; };
		6DBE920114BD944B00AB25E3 /* TBCityListViewController.h */ = {isa = PBXFileReference; fileEncoding = 4; lastKnownFileType = sourcecode.c.h; path = TBCityListViewController.h; sourceTree = "<group>"; };
		6DBE920214BD944B00AB25E3 /* TBCityListViewController.m */ = {isa = PBXFileReference; fileEncoding = 4; lastKnownFileType = sourcecode.c.objc; path = TBCityListViewController.m; sourceTree = "<group>"; };
		6DBE920314BD944B00AB25E3 /* TBCityListViewController.xib */ = {isa = PBXFileReference; fileEncoding = 4; lastKnownFileType = file.xib; path = TBCityListViewController.xib; sourceTree = "<group>"; };
		6DE3269A14BFDB80007FA4C2 /* JSON.h */ = {isa = PBXFileReference; fileEncoding = 4; lastKnownFileType = sourcecode.c.h; path = JSON.h; sourceTree = "<group>"; };
		6DE3269B14BFDB80007FA4C2 /* NSObject+SBJson.h */ = {isa = PBXFileReference; fileEncoding = 4; lastKnownFileType = sourcecode.c.h; path = "NSObject+SBJson.h"; sourceTree = "<group>"; };
		6DE3269C14BFDB80007FA4C2 /* NSObject+SBJson.m */ = {isa = PBXFileReference; fileEncoding = 4; lastKnownFileType = sourcecode.c.objc; path = "NSObject+SBJson.m"; sourceTree = "<group>"; };
		6DE3269D14BFDB80007FA4C2 /* SBJson.h */ = {isa = PBXFileReference; fileEncoding = 4; lastKnownFileType = sourcecode.c.h; path = SBJson.h; sourceTree = "<group>"; };
		6DE3269E14BFDB80007FA4C2 /* SBJsonParser.h */ = {isa = PBXFileReference; fileEncoding = 4; lastKnownFileType = sourcecode.c.h; path = SBJsonParser.h; sourceTree = "<group>"; };
		6DE3269F14BFDB80007FA4C2 /* SBJsonParser.m */ = {isa = PBXFileReference; fileEncoding = 4; lastKnownFileType = sourcecode.c.objc; path = SBJsonParser.m; sourceTree = "<group>"; };
		6DE326A014BFDB80007FA4C2 /* SBJsonStreamParser.h */ = {isa = PBXFileReference; fileEncoding = 4; lastKnownFileType = sourcecode.c.h; path = SBJsonStreamParser.h; sourceTree = "<group>"; };
		6DE326A114BFDB80007FA4C2 /* SBJsonStreamParser.m */ = {isa = PBXFileReference; fileEncoding = 4; lastKnownFileType = sourcecode.c.objc; path = SBJsonStreamParser.m; sourceTree = "<group>"; };
		6DE326A214BFDB80007FA4C2 /* SBJsonStreamParserAccumulator.h */ = {isa = PBXFileReference; fileEncoding = 4; lastKnownFileType = sourcecode.c.h; path = SBJsonStreamParserAccumulator.h; sourceTree = "<group>"; };
		6DE326A314BFDB80007FA4C2 /* SBJsonStreamParserAccumulator.m */ = {isa = PBXFileReference; fileEncoding = 4; lastKnownFileType = sourcecode.c.objc; path = SBJsonStreamParserAccumulator.m; sourceTree = "<group>"; };
		6DE326A414BFDB80007FA4C2 /* SBJsonStreamParserAdapter.h */ = {isa = PBXFileReference; fileEncoding = 4; lastKnownFileType = sourcecode.c.h; path = SBJsonStreamParserAdapter.h; sourceTree = "<group>"; };
		6DE326A514BFDB80007FA4C2 /* SBJsonStreamParserAdapter.m */ = {isa = PBXFileReference; fileEncoding = 4; lastKnownFileType = sourcecode.c.objc; path = SBJsonStreamParserAdapter.m; sourceTree = "<group>"; };
		6DE326A614BFDB80007FA4C2 /* SBJsonStreamParserState.h */ = {isa = PBXFileReference; fileEncoding = 4; lastKnownFileType = sourcecode.c.h; path = SBJsonStreamParserState.h; sourceTree = "<group>"; };
		6DE326A714BFDB80007FA4C2 /* SBJsonStreamParserState.m */ = {isa = PBXFileReference; fileEncoding = 4; lastKnownFileType = sourcecode.c.objc; path = SBJsonStreamParserState.m; sourceTree = "<group>"; };
		6DE326A814BFDB80007FA4C2 /* SBJsonStreamWriter.h */ = {isa = PBXFileReference; fileEncoding = 4; lastKnownFileType = sourcecode.c.h; path = SBJsonStreamWriter.h; sourceTree = "<group>"; };
		6DE326A914BFDB80007FA4C2 /* SBJsonStreamWriter.m */ = {isa = PBXFileReference; fileEncoding = 4; lastKnownFileType = sourcecode.c.objc; path = SBJsonStreamWriter.m; sourceTree = "<group>"; };
		6DE326AA14BFDB80007FA4C2 /* SBJsonStreamWriterAccumulator.h */ = {isa = PBXFileReference; fileEncoding = 4; lastKnownFileType = sourcecode.c.h; path = SBJsonStreamWriterAccumulator.h; sourceTree = "<group>"; };
		6DE326AB14BFDB80007FA4C2 /* SBJsonStreamWriterAccumulator.m */ = {isa = PBXFileReference; fileEncoding = 4; lastKnownFileType = sourcecode.c.objc; path = SBJsonStreamWriterAccumulator.m; sourceTree = "<group>"; };
		6DE326AC14BFDB80007FA4C2 /* SBJsonStreamWriterState.h */ = {isa = PBXFileReference; fileEncoding = 4; lastKnownFileType = sourcecode.c.h; path = SBJsonStreamWriterState.h; sourceTree = "<group>"; };
		6DE326AD14BFDB80007FA4C2 /* SBJsonStreamWriterState.m */ = {isa = PBXFileReference; fileEncoding = 4; lastKnownFileType = sourcecode.c.objc; path = SBJsonStreamWriterState.m; sourceTree = "<group>"; };
		6DE326AE14BFDB80007FA4C2 /* SBJsonTokeniser.h */ = {isa = PBXFileReference; fileEncoding = 4; lastKnownFileType = sourcecode.c.h; path = SBJsonTokeniser.h; sourceTree = "<group>"; };
		6DE326AF14BFDB80007FA4C2 /* SBJsonTokeniser.m */ = {isa = PBXFileReference; fileEncoding = 4; lastKnownFileType = sourcecode.c.objc; path = SBJsonTokeniser.m; sourceTree = "<group>"; };
		6DE326B014BFDB80007FA4C2 /* SBJsonUTF8Stream.h */ = {isa = PBXFileReference; fileEncoding = 4; lastKnownFileType = sourcecode.c.h; path = SBJsonUTF8Stream.h; sourceTree = "<group>"; };
		6DE326B114BFDB80007FA4C2 /* SBJsonUTF8Stream.m */ = {isa = PBXFileReference; fileEncoding = 4; lastKnownFileType = sourcecode.c.objc; path = SBJsonUTF8Stream.m; sourceTree = "<group>"; };
		6DE326B214BFDB80007FA4C2 /* SBJsonWriter.h */ = {isa = PBXFileReference; fileEncoding = 4; lastKnownFileType = sourcecode.c.h; path = SBJsonWriter.h; sourceTree = "<group>"; };
		6DE326B314BFDB80007FA4C2 /* SBJsonWriter.m */ = {isa = PBXFileReference; fileEncoding = 4; lastKnownFileType = sourcecode.c.objc; path = SBJsonWriter.m; sourceTree = "<group>"; };
		6DE326C114BFEE7B007FA4C2 /* ASIAuthenticationDialog.h */ = {isa = PBXFileReference; fileEncoding = 4; lastKnownFileType = sourcecode.c.h; path = ASIAuthenticationDialog.h; sourceTree = "<group>"; };
		6DE326C214BFEE7B007FA4C2 /* ASIAuthenticationDialog.m */ = {isa = PBXFileReference; fileEncoding = 4; lastKnownFileType = sourcecode.c.objc; path = ASIAuthenticationDialog.m; sourceTree = "<group>"; };
		6DE326C314BFEE7B007FA4C2 /* ASICacheDelegate.h */ = {isa = PBXFileReference; fileEncoding = 4; lastKnownFileType = sourcecode.c.h; path = ASICacheDelegate.h; sourceTree = "<group>"; };
		6DE326C414BFEE7B007FA4C2 /* ASIDataCompressor.h */ = {isa = PBXFileReference; fileEncoding = 4; lastKnownFileType = sourcecode.c.h; path = ASIDataCompressor.h; sourceTree = "<group>"; };
		6DE326C514BFEE7B007FA4C2 /* ASIDataCompressor.m */ = {isa = PBXFileReference; fileEncoding = 4; lastKnownFileType = sourcecode.c.objc; path = ASIDataCompressor.m; sourceTree = "<group>"; };
		6DE326C614BFEE7B007FA4C2 /* ASIDataDecompressor.h */ = {isa = PBXFileReference; fileEncoding = 4; lastKnownFileType = sourcecode.c.h; path = ASIDataDecompressor.h; sourceTree = "<group>"; };
		6DE326C714BFEE7B007FA4C2 /* ASIDataDecompressor.m */ = {isa = PBXFileReference; fileEncoding = 4; lastKnownFileType = sourcecode.c.objc; path = ASIDataDecompressor.m; sourceTree = "<group>"; };
		6DE326C814BFEE7B007FA4C2 /* ASIDownloadCache.h */ = {isa = PBXFileReference; fileEncoding = 4; lastKnownFileType = sourcecode.c.h; path = ASIDownloadCache.h; sourceTree = "<group>"; };
		6DE326C914BFEE7B007FA4C2 /* ASIDownloadCache.m */ = {isa = PBXFileReference; fileEncoding = 4; lastKnownFileType = sourcecode.c.objc; path = ASIDownloadCache.m; sourceTree = "<group>"; };
		6DE326CA14BFEE7B007FA4C2 /* ASIFormDataRequest.h */ = {isa = PBXFileReference; fileEncoding = 4; lastKnownFileType = sourcecode.c.h; path = ASIFormDataRequest.h; sourceTree = "<group>"; };
		6DE326CB14BFEE7B007FA4C2 /* ASIFormDataRequest.m */ = {isa = PBXFileReference; fileEncoding = 4; lastKnownFileType = sourcecode.c.objc; path = ASIFormDataRequest.m; sourceTree = "<group>"; };
		6DE326CC14BFEE7B007FA4C2 /* ASIHTTPRequest.h */ = {isa = PBXFileReference; fileEncoding = 4; lastKnownFileType = sourcecode.c.h; path = ASIHTTPRequest.h; sourceTree = "<group>"; };
		6DE326CD14BFEE7B007FA4C2 /* ASIHTTPRequest.m */ = {isa = PBXFileReference; fileEncoding = 4; lastKnownFileType = sourcecode.c.objc; path = ASIHTTPRequest.m; sourceTree = "<group>"; };
		6DE326CE14BFEE7B007FA4C2 /* ASIHTTPRequestConfig.h */ = {isa = PBXFileReference; fileEncoding = 4; lastKnownFileType = sourcecode.c.h; path = ASIHTTPRequestConfig.h; sourceTree = "<group>"; };
		6DE326CF14BFEE7B007FA4C2 /* ASIHTTPRequestDelegate.h */ = {isa = PBXFileReference; fileEncoding = 4; lastKnownFileType = sourcecode.c.h; path = ASIHTTPRequestDelegate.h; sourceTree = "<group>"; };
		6DE326D014BFEE7B007FA4C2 /* ASIInputStream.h */ = {isa = PBXFileReference; fileEncoding = 4; lastKnownFileType = sourcecode.c.h; path = ASIInputStream.h; sourceTree = "<group>"; };
		6DE326D114BFEE7B007FA4C2 /* ASIInputStream.m */ = {isa = PBXFileReference; fileEncoding = 4; lastKnownFileType = sourcecode.c.objc; path = ASIInputStream.m; sourceTree = "<group>"; };
		6DE326D214BFEE7B007FA4C2 /* ASINetworkQueue.h */ = {isa = PBXFileReference; fileEncoding = 4; lastKnownFileType = sourcecode.c.h; path = ASINetworkQueue.h; sourceTree = "<group>"; };
		6DE326D314BFEE7B007FA4C2 /* ASINetworkQueue.m */ = {isa = PBXFileReference; fileEncoding = 4; lastKnownFileType = sourcecode.c.objc; path = ASINetworkQueue.m; sourceTree = "<group>"; };
		6DE326D414BFEE7B007FA4C2 /* ASIProgressDelegate.h */ = {isa = PBXFileReference; fileEncoding = 4; lastKnownFileType = sourcecode.c.h; path = ASIProgressDelegate.h; sourceTree = "<group>"; };
		6DE326D514BFEE7B007FA4C2 /* Reachability.h */ = {isa = PBXFileReference; fileEncoding = 4; lastKnownFileType = sourcecode.c.h; path = Reachability.h; sourceTree = "<group>"; };
		6DE326D614BFEE7B007FA4C2 /* Reachability.m */ = {isa = PBXFileReference; fileEncoding = 4; lastKnownFileType = sourcecode.c.objc; path = Reachability.m; sourceTree = "<group>"; };
/* End PBXFileReference section */

/* Begin PBXFrameworksBuildPhase section */
		6DBE91CB14BD67FB00AB25E3 /* Frameworks */ = {
			isa = PBXFrameworksBuildPhase;
			buildActionMask = 2147483647;
			files = (
				6D7D551214BF331D0098BD89 /* QuartzCore.framework in Frameworks */,
				6D7D551014BF33120098BD89 /* CoreLocation.framework in Frameworks */,
				6D46506D14BEC52000B223B5 /* libsqlite3.dylib in Frameworks */,
				6DBE91D314BD67FB00AB25E3 /* UIKit.framework in Frameworks */,
				6DBE91D514BD67FB00AB25E3 /* Foundation.framework in Frameworks */,
				6DBE91D714BD67FB00AB25E3 /* CoreGraphics.framework in Frameworks */,
				6D7D550C14BF31F60098BD89 /* libbaidumapapi.a in Frameworks */,
				6D7D550D14BF31F70098BD89 /* libbaidumapapi.a in Frameworks */,
			);
			runOnlyForDeploymentPostprocessing = 0;
		};
/* End PBXFrameworksBuildPhase section */

/* Begin PBXGroup section */
		6D46506F14BEC7CB00B223B5 /* Resources */ = {
			isa = PBXGroup;
			children = (
				6D46507214BEC8E700B223B5 /* dwh.sqlite3 */,
			);
			name = Resources;
			path = ..;
			sourceTree = "<group>";
		};
		6D7D54E714BF31D60098BD89 /* BaiduMapAPI */ = {
			isa = PBXGroup;
			children = (
				6D7D54E814BF31F60098BD89 /* inc */,
				6D7D550614BF31F60098BD89 /* libs */,
				6D7D550B14BF31F60098BD89 /* mapapi.bundle */,
			);
			name = BaiduMapAPI;
			sourceTree = "<group>";
		};
		6D7D54E814BF31F60098BD89 /* inc */ = {
			isa = PBXGroup;
			children = (
				6D7D54E914BF31F60098BD89 /* BMapKit.h */,
				6D7D54EA14BF31F60098BD89 /* BMKAnnotation.h */,
				6D7D54EB14BF31F60098BD89 /* BMKAnnotationView.h */,
				6D7D54EC14BF31F60098BD89 /* BMKCircle.h */,
				6D7D54ED14BF31F60098BD89 /* BMKCircleView.h */,
				6D7D54EE14BF31F60098BD89 /* BMKGeneralDelegate.h */,
				6D7D54EF14BF31F60098BD89 /* BMKGeocodeType.h */,
				6D7D54F014BF31F60098BD89 /* BMKGeometry.h */,
				6D7D54F114BF31F60098BD89 /* BMKMapManager.h */,
				6D7D54F214BF31F60098BD89 /* BMKMapView.h */,
				6D7D54F314BF31F60098BD89 /* BMKMultiPoint.h */,
				6D7D54F414BF31F60098BD89 /* BMKOfflineMap.h */,
				6D7D54F514BF31F60098BD89 /* BMKOfflineMapType.h */,
				6D7D54F614BF31F60098BD89 /* BMKOverlay.h */,
				6D7D54F714BF31F60098BD89 /* BMKOverlayPathView.h */,
				6D7D54F814BF31F60098BD89 /* BMKOverlayView.h */,
				6D7D54F914BF31F60098BD89 /* BMKPinAnnotationView.h */,
				6D7D54FA14BF31F60098BD89 /* BMKPointAnnotation.h */,
				6D7D54FB14BF31F60098BD89 /* BMKPoiSearchType.h */,
				6D7D54FC14BF31F60098BD89 /* BMKPolygon.h */,
				6D7D54FD14BF31F60098BD89 /* BMKPolygonView.h */,
				6D7D54FE14BF31F60098BD89 /* BMKPolyline.h */,
				6D7D54FF14BF31F60098BD89 /* BMKPolylineView.h */,
				6D7D550014BF31F60098BD89 /* BMKRouteSearchType.h */,
				6D7D550114BF31F60098BD89 /* BMKSearch.h */,
				6D7D550214BF31F60098BD89 /* BMKShape.h */,
				6D7D550314BF31F60098BD89 /* BMKTypes.h */,
				6D7D550414BF31F60098BD89 /* BMKUserLocation.h */,
				6D7D550514BF31F60098BD89 /* BMKVersion.h */,
			);
			path = inc;
			sourceTree = "<group>";
		};
		6D7D550614BF31F60098BD89 /* libs */ = {
			isa = PBXGroup;
			children = (
				6D7D550714BF31F60098BD89 /* Release-iphoneos */,
				6D7D550914BF31F60098BD89 /* Release-iphonesimulator */,
			);
			path = libs;
			sourceTree = "<group>";
		};
		6D7D550714BF31F60098BD89 /* Release-iphoneos */ = {
			isa = PBXGroup;
			children = (
				6D7D550814BF31F60098BD89 /* libbaidumapapi.a */,
			);
			path = "Release-iphoneos";
			sourceTree = "<group>";
		};
		6D7D550914BF31F60098BD89 /* Release-iphonesimulator */ = {
			isa = PBXGroup;
			children = (
				6D7D550A14BF31F60098BD89 /* libbaidumapapi.a */,
			);
			path = "Release-iphonesimulator";
			sourceTree = "<group>";
		};
		6DBE91C314BD67FB00AB25E3 = {
			isa = PBXGroup;
			children = (
				6DBE91D814BD67FB00AB25E3 /* DriveWeatherHelper */,
				6DBE91D114BD67FB00AB25E3 /* Frameworks */,
				6DBE91CF14BD67FB00AB25E3 /* Products */,
			);
			sourceTree = "<group>";
		};
		6DBE91CF14BD67FB00AB25E3 /* Products */ = {
			isa = PBXGroup;
			children = (
				6DBE91CE14BD67FB00AB25E3 /* DriveWeatherHelper.app */,
			);
			name = Products;
			sourceTree = "<group>";
		};
		6DBE91D114BD67FB00AB25E3 /* Frameworks */ = {
			isa = PBXGroup;
			children = (
				6D7D551114BF331D0098BD89 /* QuartzCore.framework */,
				6D7D550F14BF33120098BD89 /* CoreLocation.framework */,
				6D46506C14BEC52000B223B5 /* libsqlite3.dylib */,
				6DBE91D214BD67FB00AB25E3 /* UIKit.framework */,
				6DBE91D414BD67FB00AB25E3 /* Foundation.framework */,
				6DBE91D614BD67FB00AB25E3 /* CoreGraphics.framework */,
			);
			name = Frameworks;
			sourceTree = "<group>";
		};
		6DBE91D814BD67FB00AB25E3 /* DriveWeatherHelper */ = {
			isa = PBXGroup;
			children = (
				6DBE91E114BD67FB00AB25E3 /* TBAppDelegate.h */,
				6DBE91E214BD67FB00AB25E3 /* TBAppDelegate.m */,
				6DBE91E914BD681200AB25E3 /* TBMainWindow.xib */,
				6DBE91EB14BD696100AB25E3 /* TBRouteListViewController.h */,
				6DBE91EC14BD696100AB25E3 /* TBRouteListViewController.m */,
				6DBE91ED14BD696100AB25E3 /* TBRouteListViewController.xib */,
				6D7D54DD14BF315A0098BD89 /* TBRouteWeatherViewController.h */,
				6D7D54DE14BF315A0098BD89 /* TBRouteWeatherViewController.m */,
				6D7D54DF14BF315A0098BD89 /* TBRouteWeatherViewController.xib */,
				6DA9B0B514BDB7CA0042E007 /* TBAddRouteViewController.h */,
				6DA9B0B614BDB7CA0042E007 /* TBAddRouteViewController.m */,
				6DA9B0B714BDB7CA0042E007 /* TBAddRouteViewController.xib */,
				6DBE920114BD944B00AB25E3 /* TBCityListViewController.h */,
				6DBE920214BD944B00AB25E3 /* TBCityListViewController.m */,
				6DBE920314BD944B00AB25E3 /* TBCityListViewController.xib */,
				6DE326C014BFED14007FA4C2 /* ASIHTTPRequest */,
				6DE3269914BFDB51007FA4C2 /* SBJson */,
				6D7D54E714BF31D60098BD89 /* BaiduMapAPI */,
				6D46506F14BEC7CB00B223B5 /* Resources */,
				6DBE91D914BD67FB00AB25E3 /* Supporting Files */,
			);
			path = DriveWeatherHelper;
			sourceTree = "<group>";
		};
		6DBE91D914BD67FB00AB25E3 /* Supporting Files */ = {
			isa = PBXGroup;
			children = (
				6DBE91DA14BD67FB00AB25E3 /* DriveWeatherHelper-Info.plist */,
				6DBE91DB14BD67FB00AB25E3 /* InfoPlist.strings */,
				6DBE91DE14BD67FB00AB25E3 /* main.m */,
				6DBE91E014BD67FB00AB25E3 /* DriveWeatherHelper-Prefix.pch */,
			);
			name = "Supporting Files";
			sourceTree = "<group>";
		};
		6DE3269914BFDB51007FA4C2 /* SBJson */ = {
			isa = PBXGroup;
			children = (
				6DE3269A14BFDB80007FA4C2 /* JSON.h */,
				6DE3269B14BFDB80007FA4C2 /* NSObject+SBJson.h */,
				6DE3269C14BFDB80007FA4C2 /* NSObject+SBJson.m */,
				6DE3269D14BFDB80007FA4C2 /* SBJson.h */,
				6DE3269E14BFDB80007FA4C2 /* SBJsonParser.h */,
				6DE3269F14BFDB80007FA4C2 /* SBJsonParser.m */,
				6DE326A014BFDB80007FA4C2 /* SBJsonStreamParser.h */,
				6DE326A114BFDB80007FA4C2 /* SBJsonStreamParser.m */,
				6DE326A214BFDB80007FA4C2 /* SBJsonStreamParserAccumulator.h */,
				6DE326A314BFDB80007FA4C2 /* SBJsonStreamParserAccumulator.m */,
				6DE326A414BFDB80007FA4C2 /* SBJsonStreamParserAdapter.h */,
				6DE326A514BFDB80007FA4C2 /* SBJsonStreamParserAdapter.m */,
				6DE326A614BFDB80007FA4C2 /* SBJsonStreamParserState.h */,
				6DE326A714BFDB80007FA4C2 /* SBJsonStreamParserState.m */,
				6DE326A814BFDB80007FA4C2 /* SBJsonStreamWriter.h */,
				6DE326A914BFDB80007FA4C2 /* SBJsonStreamWriter.m */,
				6DE326AA14BFDB80007FA4C2 /* SBJsonStreamWriterAccumulator.h */,
				6DE326AB14BFDB80007FA4C2 /* SBJsonStreamWriterAccumulator.m */,
				6DE326AC14BFDB80007FA4C2 /* SBJsonStreamWriterState.h */,
				6DE326AD14BFDB80007FA4C2 /* SBJsonStreamWriterState.m */,
				6DE326AE14BFDB80007FA4C2 /* SBJsonTokeniser.h */,
				6DE326AF14BFDB80007FA4C2 /* SBJsonTokeniser.m */,
				6DE326B014BFDB80007FA4C2 /* SBJsonUTF8Stream.h */,
				6DE326B114BFDB80007FA4C2 /* SBJsonUTF8Stream.m */,
				6DE326B214BFDB80007FA4C2 /* SBJsonWriter.h */,
				6DE326B314BFDB80007FA4C2 /* SBJsonWriter.m */,
			);
			name = SBJson;
			sourceTree = "<group>";
		};
		6DE326C014BFED14007FA4C2 /* ASIHTTPRequest */ = {
			isa = PBXGroup;
			children = (
				6DE326C114BFEE7B007FA4C2 /* ASIAuthenticationDialog.h */,
				6DE326C214BFEE7B007FA4C2 /* ASIAuthenticationDialog.m */,
				6DE326C314BFEE7B007FA4C2 /* ASICacheDelegate.h */,
				6DE326C414BFEE7B007FA4C2 /* ASIDataCompressor.h */,
				6DE326C514BFEE7B007FA4C2 /* ASIDataCompressor.m */,
				6DE326C614BFEE7B007FA4C2 /* ASIDataDecompressor.h */,
				6DE326C714BFEE7B007FA4C2 /* ASIDataDecompressor.m */,
				6DE326C814BFEE7B007FA4C2 /* ASIDownloadCache.h */,
				6DE326C914BFEE7B007FA4C2 /* ASIDownloadCache.m */,
				6DE326CA14BFEE7B007FA4C2 /* ASIFormDataRequest.h */,
				6DE326CB14BFEE7B007FA4C2 /* ASIFormDataRequest.m */,
				6DE326CC14BFEE7B007FA4C2 /* ASIHTTPRequest.h */,
				6DE326CD14BFEE7B007FA4C2 /* ASIHTTPRequest.m */,
				6DE326CE14BFEE7B007FA4C2 /* ASIHTTPRequestConfig.h */,
				6DE326CF14BFEE7B007FA4C2 /* ASIHTTPRequestDelegate.h */,
				6DE326D014BFEE7B007FA4C2 /* ASIInputStream.h */,
				6DE326D114BFEE7B007FA4C2 /* ASIInputStream.m */,
				6DE326D214BFEE7B007FA4C2 /* ASINetworkQueue.h */,
				6DE326D314BFEE7B007FA4C2 /* ASINetworkQueue.m */,
				6DE326D414BFEE7B007FA4C2 /* ASIProgressDelegate.h */,
				6DE326D514BFEE7B007FA4C2 /* Reachability.h */,
				6DE326D614BFEE7B007FA4C2 /* Reachability.m */,
			);
			name = ASIHTTPRequest;
			sourceTree = "<group>";
		};
/* End PBXGroup section */

/* Begin PBXNativeTarget section */
		6DBE91CD14BD67FB00AB25E3 /* DriveWeatherHelper */ = {
			isa = PBXNativeTarget;
			buildConfigurationList = 6DBE91E614BD67FB00AB25E3 /* Build configuration list for PBXNativeTarget "DriveWeatherHelper" */;
			buildPhases = (
				6DBE91CA14BD67FB00AB25E3 /* Sources */,
				6DBE91CB14BD67FB00AB25E3 /* Frameworks */,
				6DBE91CC14BD67FB00AB25E3 /* Resources */,
			);
			buildRules = (
			);
			dependencies = (
			);
			name = DriveWeatherHelper;
			productName = DriveWeatherHelper;
			productReference = 6DBE91CE14BD67FB00AB25E3 /* DriveWeatherHelper.app */;
			productType = "com.apple.product-type.application";
		};
/* End PBXNativeTarget section */

/* Begin PBXProject section */
		6DBE91C514BD67FB00AB25E3 /* Project object */ = {
			isa = PBXProject;
			attributes = {
				LastUpgradeCheck = 0420;
			};
			buildConfigurationList = 6DBE91C814BD67FB00AB25E3 /* Build configuration list for PBXProject "DriveWeatherHelper" */;
			compatibilityVersion = "Xcode 3.2";
			developmentRegion = English;
			hasScannedForEncodings = 0;
			knownRegions = (
				en,
			);
			mainGroup = 6DBE91C314BD67FB00AB25E3;
			productRefGroup = 6DBE91CF14BD67FB00AB25E3 /* Products */;
			projectDirPath = "";
			projectRoot = "";
			targets = (
				6DBE91CD14BD67FB00AB25E3 /* DriveWeatherHelper */,
			);
		};
/* End PBXProject section */

/* Begin PBXResourcesBuildPhase section */
		6DBE91CC14BD67FB00AB25E3 /* Resources */ = {
			isa = PBXResourcesBuildPhase;
			buildActionMask = 2147483647;
			files = (
				6DBE91DD14BD67FB00AB25E3 /* InfoPlist.strings in Resources */,
				6DBE91EA14BD681200AB25E3 /* TBMainWindow.xib in Resources */,
				6DBE91EF14BD696100AB25E3 /* TBRouteListViewController.xib in Resources */,
				6DBE920514BD944B00AB25E3 /* TBCityListViewController.xib in Resources */,
				6DA9B0B914BDB7CA0042E007 /* TBAddRouteViewController.xib in Resources */,
				6D46507314BEC8E700B223B5 /* dwh.sqlite3 in Resources */,
				6D7D54E114BF315A0098BD89 /* TBRouteWeatherViewController.xib in Resources */,
				6D7D550E14BF31F70098BD89 /* mapapi.bundle in Resources */,
			);
			runOnlyForDeploymentPostprocessing = 0;
		};
/* End PBXResourcesBuildPhase section */

/* Begin PBXSourcesBuildPhase section */
		6DBE91CA14BD67FB00AB25E3 /* Sources */ = {
			isa = PBXSourcesBuildPhase;
			buildActionMask = 2147483647;
			files = (
				6DBE91DF14BD67FB00AB25E3 /* main.m in Sources */,
				6DBE91E314BD67FB00AB25E3 /* TBAppDelegate.m in Sources */,
				6DBE91EE14BD696100AB25E3 /* TBRouteListViewController.m in Sources */,
				6DBE920414BD944B00AB25E3 /* TBCityListViewController.m in Sources */,
				6DA9B0B814BDB7CA0042E007 /* TBAddRouteViewController.m in Sources */,
				6D7D54E014BF315A0098BD89 /* TBRouteWeatherViewController.m in Sources */,
				6DE326B414BFDB80007FA4C2 /* NSObject+SBJson.m in Sources */,
				6DE326B514BFDB80007FA4C2 /* SBJsonParser.m in Sources */,
				6DE326B614BFDB80007FA4C2 /* SBJsonStreamParser.m in Sources */,
				6DE326B714BFDB80007FA4C2 /* SBJsonStreamParserAccumulator.m in Sources */,
				6DE326B814BFDB80007FA4C2 /* SBJsonStreamParserAdapter.m in Sources */,
				6DE326B914BFDB80007FA4C2 /* SBJsonStreamParserState.m in Sources */,
				6DE326BA14BFDB80007FA4C2 /* SBJsonStreamWriter.m in Sources */,
				6DE326BB14BFDB80007FA4C2 /* SBJsonStreamWriterAccumulator.m in Sources */,
				6DE326BC14BFDB80007FA4C2 /* SBJsonStreamWriterState.m in Sources */,
				6DE326BD14BFDB80007FA4C2 /* SBJsonTokeniser.m in Sources */,
				6DE326BE14BFDB80007FA4C2 /* SBJsonUTF8Stream.m in Sources */,
				6DE326BF14BFDB80007FA4C2 /* SBJsonWriter.m in Sources */,
				6DE326D714BFEE7B007FA4C2 /* ASIAuthenticationDialog.m in Sources */,
				6DE326D814BFEE7B007FA4C2 /* ASIDataCompressor.m in Sources */,
				6DE326D914BFEE7B007FA4C2 /* ASIDataDecompressor.m in Sources */,
				6DE326DA14BFEE7B007FA4C2 /* ASIDownloadCache.m in Sources */,
				6DE326DB14BFEE7B007FA4C2 /* ASIFormDataRequest.m in Sources */,
				6DE326DC14BFEE7B007FA4C2 /* ASIHTTPRequest.m in Sources */,
				6DE326DD14BFEE7B007FA4C2 /* ASIInputStream.m in Sources */,
				6DE326DE14BFEE7B007FA4C2 /* ASINetworkQueue.m in Sources */,
				6DE326DF14BFEE7B007FA4C2 /* Reachability.m in Sources */,
			);
			runOnlyForDeploymentPostprocessing = 0;
		};
/* End PBXSourcesBuildPhase section */

/* Begin PBXVariantGroup section */
		6DBE91DB14BD67FB00AB25E3 /* InfoPlist.strings */ = {
			isa = PBXVariantGroup;
			children = (
				6DBE91DC14BD67FB00AB25E3 /* en */,
			);
			name = InfoPlist.strings;
			sourceTree = "<group>";
		};
/* End PBXVariantGroup section */

/* Begin XCBuildConfiguration section */
		6DBE91E414BD67FB00AB25E3 /* Debug */ = {
			isa = XCBuildConfiguration;
			buildSettings = {
				ALWAYS_SEARCH_USER_PATHS = NO;
				ARCHS = "$(ARCHS_STANDARD_32_BIT)";
				"CODE_SIGN_IDENTITY[sdk=iphoneos*]" = "iPhone Developer";
				COPY_PHASE_STRIP = NO;
				GCC_C_LANGUAGE_STANDARD = gnu99;
				GCC_DYNAMIC_NO_PIC = NO;
				GCC_INPUT_FILETYPE = sourcecode.cpp.objcpp;
				GCC_OPTIMIZATION_LEVEL = 0;
				GCC_PREPROCESSOR_DEFINITIONS = (
					"DEBUG=1",
					"$(inherited)",
				);
				GCC_SYMBOLS_PRIVATE_EXTERN = NO;
				GCC_VERSION = com.apple.compilers.llvm.clang.1_0;
				GCC_WARN_ABOUT_MISSING_PROTOTYPES = YES;
				GCC_WARN_ABOUT_RETURN_TYPE = YES;
				GCC_WARN_UNUSED_VARIABLE = YES;
				IPHONEOS_DEPLOYMENT_TARGET = 5.0;
				LIBRARY_SEARCH_PATHS = "$(SRCROOT)/DriveWeatherHelper/libs/Release$(EFFECTIVE_PLATFORM_NAME)";
				OTHER_LDFLAGS = "-lbaidumapapi";
				SDKROOT = iphoneos;
			};
			name = Debug;
		};
		6DBE91E514BD67FB00AB25E3 /* Release */ = {
			isa = XCBuildConfiguration;
			buildSettings = {
				ALWAYS_SEARCH_USER_PATHS = NO;
				ARCHS = "$(ARCHS_STANDARD_32_BIT)";
				"CODE_SIGN_IDENTITY[sdk=iphoneos*]" = "iPhone Developer";
				COPY_PHASE_STRIP = YES;
				GCC_C_LANGUAGE_STANDARD = gnu99;
				GCC_INPUT_FILETYPE = sourcecode.cpp.objcpp;
				GCC_VERSION = com.apple.compilers.llvm.clang.1_0;
				GCC_WARN_ABOUT_MISSING_PROTOTYPES = YES;
				GCC_WARN_ABOUT_RETURN_TYPE = YES;
				GCC_WARN_UNUSED_VARIABLE = YES;
				IPHONEOS_DEPLOYMENT_TARGET = 5.0;
				LIBRARY_SEARCH_PATHS = "$(SRCROOT)/DriveWeatherHelper/libs/Release$(EFFECTIVE_PLATFORM_NAME)";
				OTHER_CFLAGS = "-DNS_BLOCK_ASSERTIONS=1";
				OTHER_LDFLAGS = "-lbaidumapapi";
				SDKROOT = iphoneos;
				VALIDATE_PRODUCT = YES;
			};
			name = Release;
		};
		6DBE91E714BD67FB00AB25E3 /* Debug */ = {
			isa = XCBuildConfiguration;
			buildSettings = {
				GCC_INPUT_FILETYPE = sourcecode.cpp.objcpp;
				GCC_PRECOMPILE_PREFIX_HEADER = YES;
				GCC_PREFIX_HEADER = "DriveWeatherHelper/DriveWeatherHelper-Prefix.pch";
				INFOPLIST_FILE = "DriveWeatherHelper/DriveWeatherHelper-Info.plist";
				LIBRARY_SEARCH_PATHS = (
					"$(inherited)",
					"\"$(SRCROOT)/DriveWeatherHelper/libs/Release-iphoneos\"",
					"\"$(SRCROOT)/DriveWeatherHelper/libs/Release-iphonesimulator\"",
				);
				OTHER_LDFLAGS = "";
				PRODUCT_NAME = "$(TARGET_NAME)";
				WRAPPER_EXTENSION = app;
			};
			name = Debug;
		};
		6DBE91E814BD67FB00AB25E3 /* Release */ = {
			isa = XCBuildConfiguration;
			buildSettings = {
				GCC_INPUT_FILETYPE = sourcecode.cpp.objcpp;
				GCC_PRECOMPILE_PREFIX_HEADER = YES;
				GCC_PREFIX_HEADER = "DriveWeatherHelper/DriveWeatherHelper-Prefix.pch";
				INFOPLIST_FILE = "DriveWeatherHelper/DriveWeatherHelper-Info.plist";
				LIBRARY_SEARCH_PATHS = (
					"$(inherited)",
					"\"$(SRCROOT)/DriveWeatherHelper/libs/Release-iphoneos\"",
					"\"$(SRCROOT)/DriveWeatherHelper/libs/Release-iphonesimulator\"",
				);
				OTHER_LDFLAGS = "";
				PRODUCT_NAME = "$(TARGET_NAME)";
				WRAPPER_EXTENSION = app;
			};
			name = Release;
		};
/* End XCBuildConfiguration section */

/* Begin XCConfigurationList section */
		6DBE91C814BD67FB00AB25E3 /* Build configuration list for PBXProject "DriveWeatherHelper" */ = {
			isa = XCConfigurationList;
			buildConfigurations = (
				6DBE91E414BD67FB00AB25E3 /* Debug */,
				6DBE91E514BD67FB00AB25E3 /* Release */,
			);
			defaultConfigurationIsVisible = 0;
			defaultConfigurationName = Release;
		};
		6DBE91E614BD67FB00AB25E3 /* Build configuration list for PBXNativeTarget "DriveWeatherHelper" */ = {
			isa = XCConfigurationList;
			buildConfigurations = (
				6DBE91E714BD67FB00AB25E3 /* Debug */,
				6DBE91E814BD67FB00AB25E3 /* Release */,
			);
			defaultConfigurationIsVisible = 0;
			defaultConfigurationName = Release;
		};
/* End XCConfigurationList section */
	};
	rootObject = 6DBE91C514BD67FB00AB25E3 /* Project object */;
}
